// !$*UTF8*$!
{
	archiveVersion = 1;
	classes = {
	};
	objectVersion = 46;
	objects = {

/* Begin PBXBuildFile section */
		C62C6ED416A2A0E600737497 /* MCIMAPIdentityOperation.cc in Sources */ = {isa = PBXBuildFile; fileRef = C62C6ED216A2A0E600737497 /* MCIMAPIdentityOperation.cc */; };
		C62C6ED816A398FA00737497 /* MCIMAPFolderInfoOperation.cc in Sources */ = {isa = PBXBuildFile; fileRef = C62C6ED616A398FA00737497 /* MCIMAPFolderInfoOperation.cc */; };
		C62C6EDA16A3D60700737497 /* MCIMAPAsyncConnection.cc in Sources */ = {isa = PBXBuildFile; fileRef = C64EA7FD16A295B500778456 /* MCIMAPAsyncConnection.cc */; };
		C62C6EDB16A3FC8700737497 /* MCIMAPOperation.h in CopyFiles */ = {isa = PBXBuildFile; fileRef = C64EA7F016A15A4D00778456 /* MCIMAPOperation.h */; };
		C62C6EE016A696AB00737497 /* MCAsyncIMAP.h in CopyFiles */ = {isa = PBXBuildFile; fileRef = C64EA7F916A15A9200778456 /* MCAsyncIMAP.h */; };
		C62C6EE216A696B400737497 /* MCIMAPFetchFoldersOperation.h in CopyFiles */ = {isa = PBXBuildFile; fileRef = C64EA7FB16A2959700778456 /* MCIMAPFetchFoldersOperation.h */; };
		C62C6EE316A696EE00737497 /* MCIMAPAppendMessageOperation.h in CopyFiles */ = {isa = PBXBuildFile; fileRef = C64EA81016A299EB00778456 /* MCIMAPAppendMessageOperation.h */; };
		C62C6EE416A696F600737497 /* MCIMAPCopyMessagesOperation.h in CopyFiles */ = {isa = PBXBuildFile; fileRef = C64EA81316A29A1000778456 /* MCIMAPCopyMessagesOperation.h */; };
		C62C6EE516A6970400737497 /* MCIMAPFetchMessagesOperation.h in CopyFiles */ = {isa = PBXBuildFile; fileRef = C64EA81916A29ADB00778456 /* MCIMAPFetchMessagesOperation.h */; };
		C62C6EE616A6970A00737497 /* MCIMAPFetchContentOperation.h in CopyFiles */ = {isa = PBXBuildFile; fileRef = C64EA81C16A29DC400778456 /* MCIMAPFetchContentOperation.h */; };
		C62C6EE716A6971000737497 /* MCIMAPIdleOperation.h in CopyFiles */ = {isa = PBXBuildFile; fileRef = C64EA82816A29F0300778456 /* MCIMAPIdleOperation.h */; };
		C62C6EE816A6971500737497 /* MCIMAPFolderInfoOperation.h in CopyFiles */ = {isa = PBXBuildFile; fileRef = C62C6ED716A398FA00737497 /* MCIMAPFolderInfoOperation.h */; };
		C62C6EE916A6971B00737497 /* MCIMAPSearchOperation.h in CopyFiles */ = {isa = PBXBuildFile; fileRef = C64EA82516A29EE300778456 /* MCIMAPSearchOperation.h */; };
		C62C6EEA16A6972100737497 /* MCIMAPFetchNamespaceOperation.h in CopyFiles */ = {isa = PBXBuildFile; fileRef = C64EA82B16A2A01400778456 /* MCIMAPFetchNamespaceOperation.h */; };
		C62C6EEB16A6972700737497 /* MCIMAPIdentityOperation.h in CopyFiles */ = {isa = PBXBuildFile; fileRef = C62C6ED316A2A0E600737497 /* MCIMAPIdentityOperation.h */; };
		C62C6EEC16A69D3D00737497 /* MCIMAPOperationCallback.h in CopyFiles */ = {isa = PBXBuildFile; fileRef = C64EA7F416A15A6300778456 /* MCIMAPOperationCallback.h */; };
		C62C6EEF16A7B67600737497 /* MCPOPAsyncSession.cc in Sources */ = {isa = PBXBuildFile; fileRef = C62C6EED16A7B67600737497 /* MCPOPAsyncSession.cc */; };
		C62C6EF216A7C6DE00737497 /* MCPOPFetchHeaderOperation.cc in Sources */ = {isa = PBXBuildFile; fileRef = C62C6EF016A7C6DE00737497 /* MCPOPFetchHeaderOperation.cc */; };
		C62C6EF516A7C6EA00737497 /* MCPOPFetchMessageOperation.cc in Sources */ = {isa = PBXBuildFile; fileRef = C62C6EF316A7C6E900737497 /* MCPOPFetchMessageOperation.cc */; };
		C62C6EF816A7C6F500737497 /* MCPOPDeleteMessagesOperation.cc in Sources */ = {isa = PBXBuildFile; fileRef = C62C6EF616A7C6F500737497 /* MCPOPDeleteMessagesOperation.cc */; };
		C62C6EFB16A7C94000737497 /* MCPOPOperation.cc in Sources */ = {isa = PBXBuildFile; fileRef = C62C6EF916A7C93F00737497 /* MCPOPOperation.cc */; };
		C62C6EFE16A7DD0D00737497 /* MCPOPOperation.h in CopyFiles */ = {isa = PBXBuildFile; fileRef = C62C6EFA16A7C94000737497 /* MCPOPOperation.h */; };
		C62C6EFF16A7E30900737497 /* MCPOPAsyncSession.h in CopyFiles */ = {isa = PBXBuildFile; fileRef = C62C6EEE16A7B67600737497 /* MCPOPAsyncSession.h */; };
		C62C6F0016A7E32800737497 /* MCPOPFetchHeaderOperation.h in CopyFiles */ = {isa = PBXBuildFile; fileRef = C62C6EF116A7C6DE00737497 /* MCPOPFetchHeaderOperation.h */; };
		C62C6F0116A7E32F00737497 /* MCPOPFetchMessageOperation.h in CopyFiles */ = {isa = PBXBuildFile; fileRef = C62C6EF416A7C6E900737497 /* MCPOPFetchMessageOperation.h */; };
		C62C6F0216A7E3A700737497 /* MCAsyncPOP.h in CopyFiles */ = {isa = PBXBuildFile; fileRef = C62C6EFD16A7DD0300737497 /* MCAsyncPOP.h */; };
		C62C6F0316A7E3B000737497 /* MCPOPOperationCallback.h in CopyFiles */ = {isa = PBXBuildFile; fileRef = C62C6EFC16A7CA1500737497 /* MCPOPOperationCallback.h */; };
		C62C6F0616A7E54500737497 /* MCPOPFetchMessagesOperation.cc in Sources */ = {isa = PBXBuildFile; fileRef = C62C6F0416A7E54200737497 /* MCPOPFetchMessagesOperation.cc */; };
		C62C6F0716A7E7CC00737497 /* MCPOPFetchMessagesOperation.h in CopyFiles */ = {isa = PBXBuildFile; fileRef = C62C6F0516A7E54400737497 /* MCPOPFetchMessagesOperation.h */; };
		C62C6F0A16A8F58000737497 /* MCIMAPAsyncSession.cpp in Sources */ = {isa = PBXBuildFile; fileRef = C62C6F0816A8F57000737497 /* MCIMAPAsyncSession.cpp */; };
		C62C6F0B16A936CA00737497 /* MCIMAPAsyncSession.h in CopyFiles */ = {isa = PBXBuildFile; fileRef = C62C6F0916A8F57700737497 /* MCIMAPAsyncSession.h */; };
		C64EA6F4169E847800778456 /* MCAbstractMessage.cc in Sources */ = {isa = PBXBuildFile; fileRef = C64EA694169E847800778456 /* MCAbstractMessage.cc */; };
		C64EA6F6169E847800778456 /* MCAbstractMessagePart.cc in Sources */ = {isa = PBXBuildFile; fileRef = C64EA696169E847800778456 /* MCAbstractMessagePart.cc */; };
		C64EA6F8169E847800778456 /* MCAbstractMultipart.cc in Sources */ = {isa = PBXBuildFile; fileRef = C64EA698169E847800778456 /* MCAbstractMultipart.cc */; };
		C64EA6FA169E847800778456 /* MCAbstractPart.cc in Sources */ = {isa = PBXBuildFile; fileRef = C64EA69A169E847800778456 /* MCAbstractPart.cc */; };
		C64EA6FC169E847800778456 /* MCAddress.cc in Sources */ = {isa = PBXBuildFile; fileRef = C64EA69C169E847800778456 /* MCAddress.cc */; };
		C64EA6FF169E847800778456 /* MCMessageHeader.cc in Sources */ = {isa = PBXBuildFile; fileRef = C64EA69F169E847800778456 /* MCMessageHeader.cc */; };
		C64EA701169E847800778456 /* MCAutoreleasePool.cc in Sources */ = {isa = PBXBuildFile; fileRef = C64EA6A2169E847800778456 /* MCAutoreleasePool.cc */; };
		C64EA704169E847800778456 /* MCArray.cc in Sources */ = {isa = PBXBuildFile; fileRef = C64EA6A5169E847800778456 /* MCArray.cc */; };
		C64EA706169E847800778456 /* MCAssert.cc in Sources */ = {isa = PBXBuildFile; fileRef = C64EA6A7169E847800778456 /* MCAssert.cc */; };
		C64EA708169E847800778456 /* MCData.cc in Sources */ = {isa = PBXBuildFile; fileRef = C64EA6A9169E847800778456 /* MCData.cc */; };
		C64EA70A169E847800778456 /* MCHash.cc in Sources */ = {isa = PBXBuildFile; fileRef = C64EA6AB169E847800778456 /* MCHash.cc */; };
		C64EA70C169E847800778456 /* MCHashMap.cc in Sources */ = {isa = PBXBuildFile; fileRef = C64EA6AD169E847800778456 /* MCHashMap.cc */; };
		C64EA70E169E847800778456 /* MCLog.cc in Sources */ = {isa = PBXBuildFile; fileRef = C64EA6AF169E847800778456 /* MCLog.cc */; };
		C64EA710169E847800778456 /* MCObject.cc in Sources */ = {isa = PBXBuildFile; fileRef = C64EA6B1169E847800778456 /* MCObject.cc */; };
		C64EA712169E847800778456 /* MCRange.cc in Sources */ = {isa = PBXBuildFile; fileRef = C64EA6B3169E847800778456 /* MCRange.cc */; };
		C64EA714169E847800778456 /* MCSet.cc in Sources */ = {isa = PBXBuildFile; fileRef = C64EA6B5169E847800778456 /* MCSet.cc */; };
		C64EA716169E847800778456 /* MCString.cc in Sources */ = {isa = PBXBuildFile; fileRef = C64EA6B7169E847800778456 /* MCString.cc */; };
		C64EA719169E847800778456 /* MCValue.cc in Sources */ = {isa = PBXBuildFile; fileRef = C64EA6BA169E847800778456 /* MCValue.cc */; };
		C64EA71C169E847800778456 /* MCMainThread.mm in Sources */ = {isa = PBXBuildFile; fileRef = C64EA6BD169E847800778456 /* MCMainThread.mm */; };
		C64EA71D169E847800778456 /* MCOperation.cc in Sources */ = {isa = PBXBuildFile; fileRef = C64EA6BE169E847800778456 /* MCOperation.cc */; };
		C64EA720169E847800778456 /* MCOperationQueue.cc in Sources */ = {isa = PBXBuildFile; fileRef = C64EA6C1169E847800778456 /* MCOperationQueue.cc */; };
		C64EA723169E847800778456 /* MCIMAPFolder.cc in Sources */ = {isa = PBXBuildFile; fileRef = C64EA6C5169E847800778456 /* MCIMAPFolder.cc */; };
		C64EA725169E847800778456 /* MCIMAPMessage.cc in Sources */ = {isa = PBXBuildFile; fileRef = C64EA6C7169E847800778456 /* MCIMAPMessage.cc */; };
		C64EA727169E847800778456 /* MCIMAPMessagePart.cc in Sources */ = {isa = PBXBuildFile; fileRef = C64EA6C9169E847800778456 /* MCIMAPMessagePart.cc */; };
		C64EA729169E847800778456 /* MCIMAPMultipart.cc in Sources */ = {isa = PBXBuildFile; fileRef = C64EA6CB169E847800778456 /* MCIMAPMultipart.cc */; };
		C64EA72B169E847800778456 /* MCIMAPNamespace.cc in Sources */ = {isa = PBXBuildFile; fileRef = C64EA6CD169E847800778456 /* MCIMAPNamespace.cc */; };
		C64EA72D169E847800778456 /* MCIMAPNamespaceItem.cc in Sources */ = {isa = PBXBuildFile; fileRef = C64EA6CF169E847800778456 /* MCIMAPNamespaceItem.cc */; };
		C64EA72F169E847800778456 /* MCIMAPPart.cc in Sources */ = {isa = PBXBuildFile; fileRef = C64EA6D1169E847800778456 /* MCIMAPPart.cc */; };
		C64EA732169E847800778456 /* MCIMAPSearchExpression.cc in Sources */ = {isa = PBXBuildFile; fileRef = C64EA6D4169E847800778456 /* MCIMAPSearchExpression.cc */; };
		C64EA734169E847800778456 /* MCIMAPSession.cc in Sources */ = {isa = PBXBuildFile; fileRef = C64EA6D6169E847800778456 /* MCIMAPSession.cc */; };
		C64EA737169E847800778456 /* MCPOPMessageInfo.cc in Sources */ = {isa = PBXBuildFile; fileRef = C64EA6DA169E847800778456 /* MCPOPMessageInfo.cc */; };
		C64EA73A169E847800778456 /* MCPOPSession.cc in Sources */ = {isa = PBXBuildFile; fileRef = C64EA6DD169E847800778456 /* MCPOPSession.cc */; };
		C64EA73C169E847800778456 /* MCAttachment.cc in Sources */ = {isa = PBXBuildFile; fileRef = C64EA6E0169E847800778456 /* MCAttachment.cc */; };
		C64EA73E169E847800778456 /* MCMessageBuilder.cc in Sources */ = {isa = PBXBuildFile; fileRef = C64EA6E2169E847800778456 /* MCMessageBuilder.cc */; };
		C64EA740169E847800778456 /* MCMessageParser.cc in Sources */ = {isa = PBXBuildFile; fileRef = C64EA6E4169E847800778456 /* MCMessageParser.cc */; };
		C64EA742169E847800778456 /* MCMessagePart.cc in Sources */ = {isa = PBXBuildFile; fileRef = C64EA6E6169E847800778456 /* MCMessagePart.cc */; };
		C64EA744169E847800778456 /* MCMultipart.cc in Sources */ = {isa = PBXBuildFile; fileRef = C64EA6E8169E847800778456 /* MCMultipart.cc */; };
		C64EA74D169E859600778456 /* MCSMTPAsyncSession.h in CopyFiles */ = {isa = PBXBuildFile; fileRef = C64EA690169E847800778456 /* MCSMTPAsyncSession.h */; };
		C64EA74E169E859600778456 /* MCAbstract.h in CopyFiles */ = {isa = PBXBuildFile; fileRef = C64EA693169E847800778456 /* MCAbstract.h */; };
		C64EA74F169E859600778456 /* MCAbstractMessage.h in CopyFiles */ = {isa = PBXBuildFile; fileRef = C64EA695169E847800778456 /* MCAbstractMessage.h */; };
		C64EA750169E859600778456 /* MCAbstractMessagePart.h in CopyFiles */ = {isa = PBXBuildFile; fileRef = C64EA697169E847800778456 /* MCAbstractMessagePart.h */; };
		C64EA751169E859600778456 /* MCAbstractMultipart.h in CopyFiles */ = {isa = PBXBuildFile; fileRef = C64EA699169E847800778456 /* MCAbstractMultipart.h */; };
		C64EA752169E859600778456 /* MCAbstractPart.h in CopyFiles */ = {isa = PBXBuildFile; fileRef = C64EA69B169E847800778456 /* MCAbstractPart.h */; };
		C64EA753169E859600778456 /* MCAddress.h in CopyFiles */ = {isa = PBXBuildFile; fileRef = C64EA69D169E847800778456 /* MCAddress.h */; };
		C64EA754169E859600778456 /* MCMessageConstants.h in CopyFiles */ = {isa = PBXBuildFile; fileRef = C64EA69E169E847800778456 /* MCMessageConstants.h */; };
		C64EA755169E859600778456 /* MCMessageHeader.h in CopyFiles */ = {isa = PBXBuildFile; fileRef = C64EA6A0169E847800778456 /* MCMessageHeader.h */; };
		C64EA756169E859600778456 /* MCAutoreleasePool.h in CopyFiles */ = {isa = PBXBuildFile; fileRef = C64EA6A3169E847800778456 /* MCAutoreleasePool.h */; };
		C64EA757169E859600778456 /* MCBaseTypes.h in CopyFiles */ = {isa = PBXBuildFile; fileRef = C64EA6A4169E847800778456 /* MCBaseTypes.h */; };
		C64EA758169E859600778456 /* MCArray.h in CopyFiles */ = {isa = PBXBuildFile; fileRef = C64EA6A6169E847800778456 /* MCArray.h */; };
		C64EA759169E859600778456 /* MCAssert.h in CopyFiles */ = {isa = PBXBuildFile; fileRef = C64EA6A8169E847800778456 /* MCAssert.h */; };
		C64EA75A169E859600778456 /* MCData.h in CopyFiles */ = {isa = PBXBuildFile; fileRef = C64EA6AA169E847800778456 /* MCData.h */; };
		C64EA75B169E859600778456 /* MCHash.h in CopyFiles */ = {isa = PBXBuildFile; fileRef = C64EA6AC169E847800778456 /* MCHash.h */; };
		C64EA75C169E859600778456 /* MCHashMap.h in CopyFiles */ = {isa = PBXBuildFile; fileRef = C64EA6AE169E847800778456 /* MCHashMap.h */; };
		C64EA75D169E859600778456 /* MCLog.h in CopyFiles */ = {isa = PBXBuildFile; fileRef = C64EA6B0169E847800778456 /* MCLog.h */; };
		C64EA75E169E859600778456 /* MCObject.h in CopyFiles */ = {isa = PBXBuildFile; fileRef = C64EA6B2169E847800778456 /* MCObject.h */; };
		C64EA75F169E859600778456 /* MCRange.h in CopyFiles */ = {isa = PBXBuildFile; fileRef = C64EA6B4169E847800778456 /* MCRange.h */; };
		C64EA760169E859600778456 /* MCSet.h in CopyFiles */ = {isa = PBXBuildFile; fileRef = C64EA6B6169E847800778456 /* MCSet.h */; };
		C64EA761169E859600778456 /* MCString.h in CopyFiles */ = {isa = PBXBuildFile; fileRef = C64EA6B8169E847800778456 /* MCString.h */; };
		C64EA762169E859600778456 /* MCUtils.h in CopyFiles */ = {isa = PBXBuildFile; fileRef = C64EA6B9169E847800778456 /* MCUtils.h */; };
		C64EA763169E859600778456 /* MCValue.h in CopyFiles */ = {isa = PBXBuildFile; fileRef = C64EA6BB169E847800778456 /* MCValue.h */; };
		C64EA764169E859600778456 /* MCMainThread.h in CopyFiles */ = {isa = PBXBuildFile; fileRef = C64EA6BC169E847800778456 /* MCMainThread.h */; };
		C64EA765169E859600778456 /* MCOperation.h in CopyFiles */ = {isa = PBXBuildFile; fileRef = C64EA6BF169E847800778456 /* MCOperation.h */; };
		C64EA766169E859600778456 /* MCOperationCallback.h in CopyFiles */ = {isa = PBXBuildFile; fileRef = C64EA6C0169E847800778456 /* MCOperationCallback.h */; };
		C64EA767169E859600778456 /* MCOperationQueue.h in CopyFiles */ = {isa = PBXBuildFile; fileRef = C64EA6C2169E847800778456 /* MCOperationQueue.h */; };
		C64EA768169E859600778456 /* MCIMAP.h in CopyFiles */ = {isa = PBXBuildFile; fileRef = C64EA6C4169E847800778456 /* MCIMAP.h */; };
		C64EA769169E859600778456 /* MCIMAPFolder.h in CopyFiles */ = {isa = PBXBuildFile; fileRef = C64EA6C6169E847800778456 /* MCIMAPFolder.h */; };
		C64EA76A169E859600778456 /* MCIMAPMessage.h in CopyFiles */ = {isa = PBXBuildFile; fileRef = C64EA6C8169E847800778456 /* MCIMAPMessage.h */; };
		C64EA76B169E859600778456 /* MCIMAPMessagePart.h in CopyFiles */ = {isa = PBXBuildFile; fileRef = C64EA6CA169E847800778456 /* MCIMAPMessagePart.h */; };
		C64EA76C169E859600778456 /* MCIMAPMultipart.h in CopyFiles */ = {isa = PBXBuildFile; fileRef = C64EA6CC169E847800778456 /* MCIMAPMultipart.h */; };
		C64EA76D169E859600778456 /* MCIMAPNamespace.h in CopyFiles */ = {isa = PBXBuildFile; fileRef = C64EA6CE169E847800778456 /* MCIMAPNamespace.h */; };
		C64EA76E169E859600778456 /* MCIMAPNamespaceItem.h in CopyFiles */ = {isa = PBXBuildFile; fileRef = C64EA6D0169E847800778456 /* MCIMAPNamespaceItem.h */; };
		C64EA76F169E859600778456 /* MCIMAPPart.h in CopyFiles */ = {isa = PBXBuildFile; fileRef = C64EA6D2169E847800778456 /* MCIMAPPart.h */; };
		C64EA770169E859600778456 /* MCIMAPProgressCallback.h in CopyFiles */ = {isa = PBXBuildFile; fileRef = C64EA6D3169E847800778456 /* MCIMAPProgressCallback.h */; };
		C64EA771169E859600778456 /* MCIMAPSearchExpression.h in CopyFiles */ = {isa = PBXBuildFile; fileRef = C64EA6D5169E847800778456 /* MCIMAPSearchExpression.h */; };
		C64EA772169E859600778456 /* MCIMAPSession.h in CopyFiles */ = {isa = PBXBuildFile; fileRef = C64EA6D7169E847800778456 /* MCIMAPSession.h */; };
		C64EA773169E859600778456 /* MCPOP.h in CopyFiles */ = {isa = PBXBuildFile; fileRef = C64EA6D9169E847800778456 /* MCPOP.h */; };
		C64EA774169E859600778456 /* MCPOPMessageInfo.h in CopyFiles */ = {isa = PBXBuildFile; fileRef = C64EA6DB169E847800778456 /* MCPOPMessageInfo.h */; };
		C64EA775169E859600778456 /* MCPOPProgressCallback.h in CopyFiles */ = {isa = PBXBuildFile; fileRef = C64EA6DC169E847800778456 /* MCPOPProgressCallback.h */; };
		C64EA776169E859600778456 /* MCPOPSession.h in CopyFiles */ = {isa = PBXBuildFile; fileRef = C64EA6DE169E847800778456 /* MCPOPSession.h */; };
		C64EA777169E859600778456 /* MCAttachment.h in CopyFiles */ = {isa = PBXBuildFile; fileRef = C64EA6E1169E847800778456 /* MCAttachment.h */; };
		C64EA778169E859600778456 /* MCMessageBuilder.h in CopyFiles */ = {isa = PBXBuildFile; fileRef = C64EA6E3169E847800778456 /* MCMessageBuilder.h */; };
		C64EA779169E859600778456 /* MCMessageParser.h in CopyFiles */ = {isa = PBXBuildFile; fileRef = C64EA6E5169E847800778456 /* MCMessageParser.h */; };
		C64EA77A169E859600778456 /* MCMessagePart.h in CopyFiles */ = {isa = PBXBuildFile; fileRef = C64EA6E7169E847800778456 /* MCMessagePart.h */; };
		C64EA77B169E859600778456 /* MCMultipart.h in CopyFiles */ = {isa = PBXBuildFile; fileRef = C64EA6E9169E847800778456 /* MCMultipart.h */; };
		C64EA77C169E859600778456 /* MCRFC822.h in CopyFiles */ = {isa = PBXBuildFile; fileRef = C64EA6EA169E847800778456 /* MCRFC822.h */; };
		C64EA77D169E859600778456 /* MCSMTP.h in CopyFiles */ = {isa = PBXBuildFile; fileRef = C64EA6EC169E847800778456 /* MCSMTP.h */; };
		C64EA77E169E859600778456 /* MCSMTPProgressCallback.h in CopyFiles */ = {isa = PBXBuildFile; fileRef = C64EA6ED169E847800778456 /* MCSMTPProgressCallback.h */; };
		C64EA77F169E859600778456 /* MCSMTPSession.h in CopyFiles */ = {isa = PBXBuildFile; fileRef = C64EA6EF169E847800778456 /* MCSMTPSession.h */; };
		C64EA781169E89F600778456 /* MCSMTPSession.cc in Sources */ = {isa = PBXBuildFile; fileRef = C64EA6EE169E847800778456 /* MCSMTPSession.cc */; };
		C64EA783169F241300778456 /* MCCore.h in CopyFiles */ = {isa = PBXBuildFile; fileRef = C64EA782169F23AB00778456 /* MCCore.h */; };
		C64EA784169F24E400778456 /* MCSMTPAsyncSession.cc in Sources */ = {isa = PBXBuildFile; fileRef = C64EA68F169E847800778456 /* MCSMTPAsyncSession.cc */; };
		C64EA790169F259200778456 /* Foundation.framework in Frameworks */ = {isa = PBXBuildFile; fileRef = C64EA78F169F259200778456 /* Foundation.framework */; };
		C64EA79B169F259F00778456 /* libmailcore2.a in Frameworks */ = {isa = PBXBuildFile; fileRef = C64EA537169E772200778456 /* libmailcore2.a */; };
		C64EA79E169F29A700778456 /* MCSMTPSendWithDataOperation.cc in Sources */ = {isa = PBXBuildFile; fileRef = C64EA79C169F29A700778456 /* MCSMTPSendWithDataOperation.cc */; };
		C64EA7A5169F2A6100778456 /* mailcore.h in CopyFiles */ = {isa = PBXBuildFile; fileRef = C64EA7A4169F2A3E00778456 /* mailcore.h */; };
		C64EA7AB16A00AF600778456 /* main.mm in Sources */ = {isa = PBXBuildFile; fileRef = C64EA7AA16A00AF600778456 /* main.mm */; };
		C64EA7B116A00BBB00778456 /* CoreServices.framework in Frameworks */ = {isa = PBXBuildFile; fileRef = C64EA7B016A00BBB00778456 /* CoreServices.framework */; };
		C64EA7DA16A1386600778456 /* MCSMTPOperation.cc in Sources */ = {isa = PBXBuildFile; fileRef = C64EA7D816A1386500778456 /* MCSMTPOperation.cc */; };
		C64EA7DC16A13A4C00778456 /* MCSMTPOperation.h in CopyFiles */ = {isa = PBXBuildFile; fileRef = C64EA7D916A1386600778456 /* MCSMTPOperation.h */; };
		C64EA7E516A14A5400778456 /* MCAsync.h in CopyFiles */ = {isa = PBXBuildFile; fileRef = C64EA7E416A14A4500778456 /* MCAsync.h */; };
		C64EA7E616A14A6A00778456 /* MCAsyncSMTP.h in CopyFiles */ = {isa = PBXBuildFile; fileRef = C64EA7E316A149EF00778456 /* MCAsyncSMTP.h */; };
		C64EA7E716A14A7400778456 /* MCSMTPOperationCallback.h in CopyFiles */ = {isa = PBXBuildFile; fileRef = C64EA7E116A1425400778456 /* MCSMTPOperationCallback.h */; };
		C64EA7EA16A154B300778456 /* MCSMTPCheckAccountOperation.cc in Sources */ = {isa = PBXBuildFile; fileRef = C64EA7E816A154B000778456 /* MCSMTPCheckAccountOperation.cc */; };
		C64EA7F116A15A4D00778456 /* MCIMAPOperation.cc in Sources */ = {isa = PBXBuildFile; fileRef = C64EA7EF16A15A4D00778456 /* MCIMAPOperation.cc */; };
		C64EA7F816A15A7800778456 /* MCIMAPCheckAccountOperation.cc in Sources */ = {isa = PBXBuildFile; fileRef = C64EA7F616A15A7800778456 /* MCIMAPCheckAccountOperation.cc */; };
		C64EA7FC16A2959800778456 /* MCIMAPFetchFoldersOperation.cc in Sources */ = {isa = PBXBuildFile; fileRef = C64EA7FA16A2959700778456 /* MCIMAPFetchFoldersOperation.cc */; };
		C64EA80216A295E400778456 /* MCIMAPRenameFolderOperation.cc in Sources */ = {isa = PBXBuildFile; fileRef = C64EA80016A295E200778456 /* MCIMAPRenameFolderOperation.cc */; };
		C64EA80516A2997E00778456 /* MCIMAPDeleteFolderOperation.cc in Sources */ = {isa = PBXBuildFile; fileRef = C64EA80316A2997B00778456 /* MCIMAPDeleteFolderOperation.cc */; };
		C64EA80816A2999A00778456 /* MCIMAPCreateFolderOperation.cc in Sources */ = {isa = PBXBuildFile; fileRef = C64EA80616A2999800778456 /* MCIMAPCreateFolderOperation.cc */; };
		C64EA80B16A299B700778456 /* MCIMAPSubscribeFolderOperation.cc in Sources */ = {isa = PBXBuildFile; fileRef = C64EA80916A299B500778456 /* MCIMAPSubscribeFolderOperation.cc */; };
		C64EA81116A299ED00778456 /* MCIMAPAppendMessageOperation.cc in Sources */ = {isa = PBXBuildFile; fileRef = C64EA80F16A299EA00778456 /* MCIMAPAppendMessageOperation.cc */; };
		C64EA81416A29A2300778456 /* MCIMAPCopyMessagesOperation.cc in Sources */ = {isa = PBXBuildFile; fileRef = C64EA81216A29A0A00778456 /* MCIMAPCopyMessagesOperation.cc */; };
		C64EA81716A29A8700778456 /* MCIMAPExpungeOperation.cc in Sources */ = {isa = PBXBuildFile; fileRef = C64EA81516A29A8500778456 /* MCIMAPExpungeOperation.cc */; };
		C64EA81A16A29AF200778456 /* MCIMAPFetchMessagesOperation.cc in Sources */ = {isa = PBXBuildFile; fileRef = C64EA81816A29AD400778456 /* MCIMAPFetchMessagesOperation.cc */; };
		C64EA81D16A29DC500778456 /* MCIMAPFetchContentOperation.cc in Sources */ = {isa = PBXBuildFile; fileRef = C64EA81B16A29DC100778456 /* MCIMAPFetchContentOperation.cc */; };
		C64EA82016A29E4100778456 /* MCIMAPStoreFlagsOperation.cc in Sources */ = {isa = PBXBuildFile; fileRef = C64EA81E16A29E3D00778456 /* MCIMAPStoreFlagsOperation.cc */; };
		C64EA82316A29E5300778456 /* MCIMAPStoreLabelsOperation.cc in Sources */ = {isa = PBXBuildFile; fileRef = C64EA82116A29E4F00778456 /* MCIMAPStoreLabelsOperation.cc */; };
		C64EA82616A29EE500778456 /* MCIMAPSearchOperation.cc in Sources */ = {isa = PBXBuildFile; fileRef = C64EA82416A29EE000778456 /* MCIMAPSearchOperation.cc */; };
		C64EA82916A29F2200778456 /* MCIMAPIdleOperation.cc in Sources */ = {isa = PBXBuildFile; fileRef = C64EA82716A29EF400778456 /* MCIMAPIdleOperation.cc */; };
		C64EA82C16A2A08B00778456 /* MCIMAPFetchNamespaceOperation.cc in Sources */ = {isa = PBXBuildFile; fileRef = C64EA82A16A29FAA00778456 /* MCIMAPFetchNamespaceOperation.cc */; };
		C6D42C1D16AE03D6002BB4F9 /* NSData+MCO.mm in Sources */ = {isa = PBXBuildFile; fileRef = C6D42C1A16AE03D6002BB4F9 /* NSData+MCO.mm */; };
		C6D42C1E16AE03D6002BB4F9 /* NSString+MCO.mm in Sources */ = {isa = PBXBuildFile; fileRef = C6D42C1C16AE03D6002BB4F9 /* NSString+MCO.mm */; };
		C6D42C2A16AE0507002BB4F9 /* NSData+MCO.h in CopyFiles */ = {isa = PBXBuildFile; fileRef = C6D42C1916AE03D6002BB4F9 /* NSData+MCO.h */; };
		C6D42C2C16AE0509002BB4F9 /* NSString+MCO.h in CopyFiles */ = {isa = PBXBuildFile; fileRef = C6D42C1B16AE03D6002BB4F9 /* NSString+MCO.h */; };
/* End PBXBuildFile section */

/* Begin PBXContainerItemProxy section */
		C64EA7A2169F2A1D00778456 /* PBXContainerItemProxy */ = {
			isa = PBXContainerItemProxy;
			containerPortal = C64EA52E169E772200778456 /* Project object */;
			proxyType = 1;
			remoteGlobalIDString = C64EA536169E772200778456;
			remoteInfo = mailcore2;
		};
/* End PBXContainerItemProxy section */

/* Begin PBXCopyFilesBuildPhase section */
		C64EA74B169E854B00778456 /* CopyFiles */ = {
			isa = PBXCopyFilesBuildPhase;
			buildActionMask = 2147483647;
			dstPath = include/mailcore;
			dstSubfolderSpec = 16;
			files = (
				C62C6EE016A696AB00737497 /* MCAsyncIMAP.h in CopyFiles */,
				C64EA74E169E859600778456 /* MCAbstract.h in CopyFiles */,
				C6D42C2A16AE0507002BB4F9 /* NSData+MCO.h in CopyFiles */,
				C62C6F0016A7E32800737497 /* MCPOPFetchHeaderOperation.h in CopyFiles */,
				C6D42C2C16AE0509002BB4F9 /* NSString+MCO.h in CopyFiles */,
				C62C6EE216A696B400737497 /* MCIMAPFetchFoldersOperation.h in CopyFiles */,
				C64EA74F169E859600778456 /* MCAbstractMessage.h in CopyFiles */,
				C64EA7E516A14A5400778456 /* MCAsync.h in CopyFiles */,
				C64EA750169E859600778456 /* MCAbstractMessagePart.h in CopyFiles */,
				C62C6EDB16A3FC8700737497 /* MCIMAPOperation.h in CopyFiles */,
				C62C6EFE16A7DD0D00737497 /* MCPOPOperation.h in CopyFiles */,
				C64EA751169E859600778456 /* MCAbstractMultipart.h in CopyFiles */,
				C64EA752169E859600778456 /* MCAbstractPart.h in CopyFiles */,
				C62C6EEC16A69D3D00737497 /* MCIMAPOperationCallback.h in CopyFiles */,
				C62C6EFF16A7E30900737497 /* MCPOPAsyncSession.h in CopyFiles */,
				C62C6EE816A6971500737497 /* MCIMAPFolderInfoOperation.h in CopyFiles */,
				C62C6EE516A6970400737497 /* MCIMAPFetchMessagesOperation.h in CopyFiles */,
				C62C6EE916A6971B00737497 /* MCIMAPSearchOperation.h in CopyFiles */,
				C64EA7A5169F2A6100778456 /* mailcore.h in CopyFiles */,
				C62C6EE616A6970A00737497 /* MCIMAPFetchContentOperation.h in CopyFiles */,
				C62C6EEB16A6972700737497 /* MCIMAPIdentityOperation.h in CopyFiles */,
				C62C6EE316A696EE00737497 /* MCIMAPAppendMessageOperation.h in CopyFiles */,
				C64EA7E716A14A7400778456 /* MCSMTPOperationCallback.h in CopyFiles */,
				C64EA7E616A14A6A00778456 /* MCAsyncSMTP.h in CopyFiles */,
				C62C6EEA16A6972100737497 /* MCIMAPFetchNamespaceOperation.h in CopyFiles */,
				C62C6EE716A6971000737497 /* MCIMAPIdleOperation.h in CopyFiles */,
				C62C6EE416A696F600737497 /* MCIMAPCopyMessagesOperation.h in CopyFiles */,
				C64EA753169E859600778456 /* MCAddress.h in CopyFiles */,
				C64EA754169E859600778456 /* MCMessageConstants.h in CopyFiles */,
				C64EA755169E859600778456 /* MCMessageHeader.h in CopyFiles */,
				C64EA756169E859600778456 /* MCAutoreleasePool.h in CopyFiles */,
				C64EA757169E859600778456 /* MCBaseTypes.h in CopyFiles */,
				C64EA758169E859600778456 /* MCArray.h in CopyFiles */,
				C64EA759169E859600778456 /* MCAssert.h in CopyFiles */,
				C64EA75A169E859600778456 /* MCData.h in CopyFiles */,
				C64EA75B169E859600778456 /* MCHash.h in CopyFiles */,
				C64EA75C169E859600778456 /* MCHashMap.h in CopyFiles */,
				C64EA75D169E859600778456 /* MCLog.h in CopyFiles */,
				C64EA75E169E859600778456 /* MCObject.h in CopyFiles */,
				C64EA75F169E859600778456 /* MCRange.h in CopyFiles */,
				C64EA760169E859600778456 /* MCSet.h in CopyFiles */,
				C64EA761169E859600778456 /* MCString.h in CopyFiles */,
				C64EA762169E859600778456 /* MCUtils.h in CopyFiles */,
				C64EA763169E859600778456 /* MCValue.h in CopyFiles */,
				C64EA783169F241300778456 /* MCCore.h in CopyFiles */,
				C64EA764169E859600778456 /* MCMainThread.h in CopyFiles */,
				C64EA765169E859600778456 /* MCOperation.h in CopyFiles */,
				C64EA766169E859600778456 /* MCOperationCallback.h in CopyFiles */,
				C64EA767169E859600778456 /* MCOperationQueue.h in CopyFiles */,
				C64EA768169E859600778456 /* MCIMAP.h in CopyFiles */,
				C64EA769169E859600778456 /* MCIMAPFolder.h in CopyFiles */,
				C64EA76A169E859600778456 /* MCIMAPMessage.h in CopyFiles */,
				C64EA76B169E859600778456 /* MCIMAPMessagePart.h in CopyFiles */,
				C64EA76C169E859600778456 /* MCIMAPMultipart.h in CopyFiles */,
				C64EA76D169E859600778456 /* MCIMAPNamespace.h in CopyFiles */,
				C64EA76E169E859600778456 /* MCIMAPNamespaceItem.h in CopyFiles */,
				C64EA76F169E859600778456 /* MCIMAPPart.h in CopyFiles */,
				C64EA770169E859600778456 /* MCIMAPProgressCallback.h in CopyFiles */,
				C64EA771169E859600778456 /* MCIMAPSearchExpression.h in CopyFiles */,
				C62C6F0216A7E3A700737497 /* MCAsyncPOP.h in CopyFiles */,
				C62C6F0316A7E3B000737497 /* MCPOPOperationCallback.h in CopyFiles */,
				C62C6F0116A7E32F00737497 /* MCPOPFetchMessageOperation.h in CopyFiles */,
				C62C6F0B16A936CA00737497 /* MCIMAPAsyncSession.h in CopyFiles */,
				C64EA772169E859600778456 /* MCIMAPSession.h in CopyFiles */,
				C64EA773169E859600778456 /* MCPOP.h in CopyFiles */,
				C64EA774169E859600778456 /* MCPOPMessageInfo.h in CopyFiles */,
				C64EA775169E859600778456 /* MCPOPProgressCallback.h in CopyFiles */,
				C64EA776169E859600778456 /* MCPOPSession.h in CopyFiles */,
				C62C6F0716A7E7CC00737497 /* MCPOPFetchMessagesOperation.h in CopyFiles */,
				C64EA777169E859600778456 /* MCAttachment.h in CopyFiles */,
				C64EA7DC16A13A4C00778456 /* MCSMTPOperation.h in CopyFiles */,
				C64EA74D169E859600778456 /* MCSMTPAsyncSession.h in CopyFiles */,
				C64EA778169E859600778456 /* MCMessageBuilder.h in CopyFiles */,
				C64EA779169E859600778456 /* MCMessageParser.h in CopyFiles */,
				C64EA77A169E859600778456 /* MCMessagePart.h in CopyFiles */,
				C64EA77B169E859600778456 /* MCMultipart.h in CopyFiles */,
				C64EA77C169E859600778456 /* MCRFC822.h in CopyFiles */,
				C64EA77D169E859600778456 /* MCSMTP.h in CopyFiles */,
				C64EA77E169E859600778456 /* MCSMTPProgressCallback.h in CopyFiles */,
				C64EA77F169E859600778456 /* MCSMTPSession.h in CopyFiles */,
			);
			runOnlyForDeploymentPostprocessing = 0;
		};
		C64EA78A169F259200778456 /* CopyFiles */ = {
			isa = PBXCopyFilesBuildPhase;
			buildActionMask = 2147483647;
			dstPath = /usr/share/man/man1/;
			dstSubfolderSpec = 0;
			files = (
			);
			runOnlyForDeploymentPostprocessing = 1;
		};
/* End PBXCopyFilesBuildPhase section */

/* Begin PBXFileReference section */
		C62C6ED216A2A0E600737497 /* MCIMAPIdentityOperation.cc */ = {isa = PBXFileReference; fileEncoding = 4; lastKnownFileType = sourcecode.cpp.cpp; path = MCIMAPIdentityOperation.cc; sourceTree = "<group>"; };
		C62C6ED316A2A0E600737497 /* MCIMAPIdentityOperation.h */ = {isa = PBXFileReference; fileEncoding = 4; lastKnownFileType = sourcecode.c.h; path = MCIMAPIdentityOperation.h; sourceTree = "<group>"; };
		C62C6ED616A398FA00737497 /* MCIMAPFolderInfoOperation.cc */ = {isa = PBXFileReference; fileEncoding = 4; lastKnownFileType = sourcecode.cpp.cpp; path = MCIMAPFolderInfoOperation.cc; sourceTree = "<group>"; };
		C62C6ED716A398FA00737497 /* MCIMAPFolderInfoOperation.h */ = {isa = PBXFileReference; fileEncoding = 4; lastKnownFileType = sourcecode.c.h; path = MCIMAPFolderInfoOperation.h; sourceTree = "<group>"; };
		C62C6EED16A7B67600737497 /* MCPOPAsyncSession.cc */ = {isa = PBXFileReference; fileEncoding = 4; lastKnownFileType = sourcecode.cpp.cpp; path = MCPOPAsyncSession.cc; sourceTree = "<group>"; };
		C62C6EEE16A7B67600737497 /* MCPOPAsyncSession.h */ = {isa = PBXFileReference; fileEncoding = 4; lastKnownFileType = sourcecode.c.h; path = MCPOPAsyncSession.h; sourceTree = "<group>"; };
		C62C6EF016A7C6DE00737497 /* MCPOPFetchHeaderOperation.cc */ = {isa = PBXFileReference; fileEncoding = 4; lastKnownFileType = sourcecode.cpp.cpp; path = MCPOPFetchHeaderOperation.cc; sourceTree = "<group>"; };
		C62C6EF116A7C6DE00737497 /* MCPOPFetchHeaderOperation.h */ = {isa = PBXFileReference; fileEncoding = 4; lastKnownFileType = sourcecode.c.h; path = MCPOPFetchHeaderOperation.h; sourceTree = "<group>"; };
		C62C6EF316A7C6E900737497 /* MCPOPFetchMessageOperation.cc */ = {isa = PBXFileReference; fileEncoding = 4; lastKnownFileType = sourcecode.cpp.cpp; path = MCPOPFetchMessageOperation.cc; sourceTree = "<group>"; };
		C62C6EF416A7C6E900737497 /* MCPOPFetchMessageOperation.h */ = {isa = PBXFileReference; fileEncoding = 4; lastKnownFileType = sourcecode.c.h; path = MCPOPFetchMessageOperation.h; sourceTree = "<group>"; };
		C62C6EF616A7C6F500737497 /* MCPOPDeleteMessagesOperation.cc */ = {isa = PBXFileReference; fileEncoding = 4; lastKnownFileType = sourcecode.cpp.cpp; path = MCPOPDeleteMessagesOperation.cc; sourceTree = "<group>"; };
		C62C6EF716A7C6F500737497 /* MCPOPDeleteMessagesOperation.h */ = {isa = PBXFileReference; fileEncoding = 4; lastKnownFileType = sourcecode.c.h; path = MCPOPDeleteMessagesOperation.h; sourceTree = "<group>"; };
		C62C6EF916A7C93F00737497 /* MCPOPOperation.cc */ = {isa = PBXFileReference; fileEncoding = 4; lastKnownFileType = sourcecode.cpp.cpp; path = MCPOPOperation.cc; sourceTree = "<group>"; };
		C62C6EFA16A7C94000737497 /* MCPOPOperation.h */ = {isa = PBXFileReference; fileEncoding = 4; lastKnownFileType = sourcecode.c.h; path = MCPOPOperation.h; sourceTree = "<group>"; };
		C62C6EFC16A7CA1500737497 /* MCPOPOperationCallback.h */ = {isa = PBXFileReference; lastKnownFileType = sourcecode.c.h; path = MCPOPOperationCallback.h; sourceTree = "<group>"; };
		C62C6EFD16A7DD0300737497 /* MCAsyncPOP.h */ = {isa = PBXFileReference; lastKnownFileType = sourcecode.c.h; path = MCAsyncPOP.h; sourceTree = "<group>"; };
		C62C6F0416A7E54200737497 /* MCPOPFetchMessagesOperation.cc */ = {isa = PBXFileReference; fileEncoding = 4; lastKnownFileType = sourcecode.cpp.cpp; path = MCPOPFetchMessagesOperation.cc; sourceTree = "<group>"; };
		C62C6F0516A7E54400737497 /* MCPOPFetchMessagesOperation.h */ = {isa = PBXFileReference; fileEncoding = 4; lastKnownFileType = sourcecode.c.h; path = MCPOPFetchMessagesOperation.h; sourceTree = "<group>"; };
		C62C6F0816A8F57000737497 /* MCIMAPAsyncSession.cpp */ = {isa = PBXFileReference; fileEncoding = 4; lastKnownFileType = sourcecode.cpp.cpp; path = MCIMAPAsyncSession.cpp; sourceTree = "<group>"; };
		C62C6F0916A8F57700737497 /* MCIMAPAsyncSession.h */ = {isa = PBXFileReference; fileEncoding = 4; lastKnownFileType = sourcecode.c.h; path = MCIMAPAsyncSession.h; sourceTree = "<group>"; };
		C64EA537169E772200778456 /* libmailcore2.a */ = {isa = PBXFileReference; explicitFileType = archive.ar; includeInIndex = 0; path = libmailcore2.a; sourceTree = BUILT_PRODUCTS_DIR; };
		C64EA68C169E847800778456 /* MCIMAPAsyncConnection.h */ = {isa = PBXFileReference; fileEncoding = 4; lastKnownFileType = sourcecode.c.h; path = MCIMAPAsyncConnection.h; sourceTree = "<group>"; };
		C64EA68F169E847800778456 /* MCSMTPAsyncSession.cc */ = {isa = PBXFileReference; fileEncoding = 4; lastKnownFileType = sourcecode.cpp.cpp; path = MCSMTPAsyncSession.cc; sourceTree = "<group>"; };
		C64EA690169E847800778456 /* MCSMTPAsyncSession.h */ = {isa = PBXFileReference; fileEncoding = 4; lastKnownFileType = sourcecode.c.h; path = MCSMTPAsyncSession.h; sourceTree = "<group>"; };
		C64EA693169E847800778456 /* MCAbstract.h */ = {isa = PBXFileReference; fileEncoding = 4; lastKnownFileType = sourcecode.c.h; path = MCAbstract.h; sourceTree = "<group>"; };
		C64EA694169E847800778456 /* MCAbstractMessage.cc */ = {isa = PBXFileReference; fileEncoding = 4; lastKnownFileType = sourcecode.cpp.cpp; lineEnding = 0; path = MCAbstractMessage.cc; sourceTree = "<group>"; xcLanguageSpecificationIdentifier = xcode.lang.cpp; };
		C64EA695169E847800778456 /* MCAbstractMessage.h */ = {isa = PBXFileReference; fileEncoding = 4; lastKnownFileType = sourcecode.c.h; lineEnding = 0; path = MCAbstractMessage.h; sourceTree = "<group>"; xcLanguageSpecificationIdentifier = xcode.lang.objcpp; };
		C64EA696169E847800778456 /* MCAbstractMessagePart.cc */ = {isa = PBXFileReference; fileEncoding = 4; lastKnownFileType = sourcecode.cpp.cpp; lineEnding = 0; path = MCAbstractMessagePart.cc; sourceTree = "<group>"; xcLanguageSpecificationIdentifier = xcode.lang.cpp; };
		C64EA697169E847800778456 /* MCAbstractMessagePart.h */ = {isa = PBXFileReference; fileEncoding = 4; lastKnownFileType = sourcecode.c.h; path = MCAbstractMessagePart.h; sourceTree = "<group>"; };
		C64EA698169E847800778456 /* MCAbstractMultipart.cc */ = {isa = PBXFileReference; fileEncoding = 4; lastKnownFileType = sourcecode.cpp.cpp; path = MCAbstractMultipart.cc; sourceTree = "<group>"; };
		C64EA699169E847800778456 /* MCAbstractMultipart.h */ = {isa = PBXFileReference; fileEncoding = 4; lastKnownFileType = sourcecode.c.h; path = MCAbstractMultipart.h; sourceTree = "<group>"; };
		C64EA69A169E847800778456 /* MCAbstractPart.cc */ = {isa = PBXFileReference; fileEncoding = 4; lastKnownFileType = sourcecode.cpp.cpp; path = MCAbstractPart.cc; sourceTree = "<group>"; };
		C64EA69B169E847800778456 /* MCAbstractPart.h */ = {isa = PBXFileReference; fileEncoding = 4; lastKnownFileType = sourcecode.c.h; path = MCAbstractPart.h; sourceTree = "<group>"; };
		C64EA69C169E847800778456 /* MCAddress.cc */ = {isa = PBXFileReference; fileEncoding = 4; lastKnownFileType = sourcecode.cpp.cpp; path = MCAddress.cc; sourceTree = "<group>"; };
		C64EA69D169E847800778456 /* MCAddress.h */ = {isa = PBXFileReference; fileEncoding = 4; lastKnownFileType = sourcecode.c.h; path = MCAddress.h; sourceTree = "<group>"; };
		C64EA69E169E847800778456 /* MCMessageConstants.h */ = {isa = PBXFileReference; fileEncoding = 4; lastKnownFileType = sourcecode.c.h; path = MCMessageConstants.h; sourceTree = "<group>"; };
		C64EA69F169E847800778456 /* MCMessageHeader.cc */ = {isa = PBXFileReference; fileEncoding = 4; lastKnownFileType = sourcecode.cpp.cpp; path = MCMessageHeader.cc; sourceTree = "<group>"; };
		C64EA6A0169E847800778456 /* MCMessageHeader.h */ = {isa = PBXFileReference; fileEncoding = 4; lastKnownFileType = sourcecode.c.h; path = MCMessageHeader.h; sourceTree = "<group>"; };
		C64EA6A2169E847800778456 /* MCAutoreleasePool.cc */ = {isa = PBXFileReference; fileEncoding = 4; lastKnownFileType = sourcecode.cpp.cpp; path = MCAutoreleasePool.cc; sourceTree = "<group>"; };
		C64EA6A3169E847800778456 /* MCAutoreleasePool.h */ = {isa = PBXFileReference; fileEncoding = 4; lastKnownFileType = sourcecode.c.h; path = MCAutoreleasePool.h; sourceTree = "<group>"; };
		C64EA6A4169E847800778456 /* MCBaseTypes.h */ = {isa = PBXFileReference; fileEncoding = 4; lastKnownFileType = sourcecode.c.h; path = MCBaseTypes.h; sourceTree = "<group>"; };
		C64EA6A5169E847800778456 /* MCArray.cc */ = {isa = PBXFileReference; fileEncoding = 4; lastKnownFileType = sourcecode.cpp.cpp; path = MCArray.cc; sourceTree = "<group>"; };
		C64EA6A6169E847800778456 /* MCArray.h */ = {isa = PBXFileReference; fileEncoding = 4; lastKnownFileType = sourcecode.c.h; path = MCArray.h; sourceTree = "<group>"; };
		C64EA6A7169E847800778456 /* MCAssert.cc */ = {isa = PBXFileReference; fileEncoding = 4; lastKnownFileType = sourcecode.cpp.cpp; path = MCAssert.cc; sourceTree = "<group>"; };
		C64EA6A8169E847800778456 /* MCAssert.h */ = {isa = PBXFileReference; fileEncoding = 4; lastKnownFileType = sourcecode.c.h; path = MCAssert.h; sourceTree = "<group>"; };
		C64EA6A9169E847800778456 /* MCData.cc */ = {isa = PBXFileReference; fileEncoding = 4; lastKnownFileType = sourcecode.cpp.cpp; path = MCData.cc; sourceTree = "<group>"; };
		C64EA6AA169E847800778456 /* MCData.h */ = {isa = PBXFileReference; fileEncoding = 4; lastKnownFileType = sourcecode.c.h; path = MCData.h; sourceTree = "<group>"; };
		C64EA6AB169E847800778456 /* MCHash.cc */ = {isa = PBXFileReference; fileEncoding = 4; lastKnownFileType = sourcecode.cpp.cpp; path = MCHash.cc; sourceTree = "<group>"; };
		C64EA6AC169E847800778456 /* MCHash.h */ = {isa = PBXFileReference; fileEncoding = 4; lastKnownFileType = sourcecode.c.h; path = MCHash.h; sourceTree = "<group>"; };
		C64EA6AD169E847800778456 /* MCHashMap.cc */ = {isa = PBXFileReference; fileEncoding = 4; lastKnownFileType = sourcecode.cpp.cpp; path = MCHashMap.cc; sourceTree = "<group>"; };
		C64EA6AE169E847800778456 /* MCHashMap.h */ = {isa = PBXFileReference; fileEncoding = 4; lastKnownFileType = sourcecode.c.h; path = MCHashMap.h; sourceTree = "<group>"; };
		C64EA6AF169E847800778456 /* MCLog.cc */ = {isa = PBXFileReference; fileEncoding = 4; lastKnownFileType = sourcecode.cpp.cpp; path = MCLog.cc; sourceTree = "<group>"; };
		C64EA6B0169E847800778456 /* MCLog.h */ = {isa = PBXFileReference; fileEncoding = 4; lastKnownFileType = sourcecode.c.h; path = MCLog.h; sourceTree = "<group>"; };
		C64EA6B1169E847800778456 /* MCObject.cc */ = {isa = PBXFileReference; fileEncoding = 4; lastKnownFileType = sourcecode.cpp.cpp; path = MCObject.cc; sourceTree = "<group>"; };
		C64EA6B2169E847800778456 /* MCObject.h */ = {isa = PBXFileReference; fileEncoding = 4; lastKnownFileType = sourcecode.c.h; path = MCObject.h; sourceTree = "<group>"; };
		C64EA6B3169E847800778456 /* MCRange.cc */ = {isa = PBXFileReference; fileEncoding = 4; lastKnownFileType = sourcecode.cpp.cpp; path = MCRange.cc; sourceTree = "<group>"; };
		C64EA6B4169E847800778456 /* MCRange.h */ = {isa = PBXFileReference; fileEncoding = 4; lastKnownFileType = sourcecode.c.h; path = MCRange.h; sourceTree = "<group>"; };
		C64EA6B5169E847800778456 /* MCSet.cc */ = {isa = PBXFileReference; fileEncoding = 4; lastKnownFileType = sourcecode.cpp.cpp; path = MCSet.cc; sourceTree = "<group>"; };
		C64EA6B6169E847800778456 /* MCSet.h */ = {isa = PBXFileReference; fileEncoding = 4; lastKnownFileType = sourcecode.c.h; path = MCSet.h; sourceTree = "<group>"; };
		C64EA6B7169E847800778456 /* MCString.cc */ = {isa = PBXFileReference; fileEncoding = 4; lastKnownFileType = sourcecode.cpp.cpp; path = MCString.cc; sourceTree = "<group>"; };
		C64EA6B8169E847800778456 /* MCString.h */ = {isa = PBXFileReference; fileEncoding = 4; lastKnownFileType = sourcecode.c.h; path = MCString.h; sourceTree = "<group>"; };
		C64EA6B9169E847800778456 /* MCUtils.h */ = {isa = PBXFileReference; fileEncoding = 4; lastKnownFileType = sourcecode.c.h; path = MCUtils.h; sourceTree = "<group>"; };
		C64EA6BA169E847800778456 /* MCValue.cc */ = {isa = PBXFileReference; fileEncoding = 4; lastKnownFileType = sourcecode.cpp.cpp; path = MCValue.cc; sourceTree = "<group>"; };
		C64EA6BB169E847800778456 /* MCValue.h */ = {isa = PBXFileReference; fileEncoding = 4; lastKnownFileType = sourcecode.c.h; path = MCValue.h; sourceTree = "<group>"; };
		C64EA6BC169E847800778456 /* MCMainThread.h */ = {isa = PBXFileReference; fileEncoding = 4; lastKnownFileType = sourcecode.c.h; path = MCMainThread.h; sourceTree = "<group>"; };
		C64EA6BD169E847800778456 /* MCMainThread.mm */ = {isa = PBXFileReference; fileEncoding = 4; lastKnownFileType = sourcecode.cpp.objcpp; path = MCMainThread.mm; sourceTree = "<group>"; };
		C64EA6BE169E847800778456 /* MCOperation.cc */ = {isa = PBXFileReference; fileEncoding = 4; lastKnownFileType = sourcecode.cpp.cpp; path = MCOperation.cc; sourceTree = "<group>"; };
		C64EA6BF169E847800778456 /* MCOperation.h */ = {isa = PBXFileReference; fileEncoding = 4; lastKnownFileType = sourcecode.c.h; path = MCOperation.h; sourceTree = "<group>"; };
		C64EA6C0169E847800778456 /* MCOperationCallback.h */ = {isa = PBXFileReference; fileEncoding = 4; lastKnownFileType = sourcecode.c.h; path = MCOperationCallback.h; sourceTree = "<group>"; };
		C64EA6C1169E847800778456 /* MCOperationQueue.cc */ = {isa = PBXFileReference; fileEncoding = 4; lastKnownFileType = sourcecode.cpp.cpp; path = MCOperationQueue.cc; sourceTree = "<group>"; };
		C64EA6C2169E847800778456 /* MCOperationQueue.h */ = {isa = PBXFileReference; fileEncoding = 4; lastKnownFileType = sourcecode.c.h; path = MCOperationQueue.h; sourceTree = "<group>"; };
		C64EA6C4169E847800778456 /* MCIMAP.h */ = {isa = PBXFileReference; fileEncoding = 4; lastKnownFileType = sourcecode.c.h; path = MCIMAP.h; sourceTree = "<group>"; };
		C64EA6C5169E847800778456 /* MCIMAPFolder.cc */ = {isa = PBXFileReference; fileEncoding = 4; lastKnownFileType = sourcecode.cpp.cpp; path = MCIMAPFolder.cc; sourceTree = "<group>"; };
		C64EA6C6169E847800778456 /* MCIMAPFolder.h */ = {isa = PBXFileReference; fileEncoding = 4; lastKnownFileType = sourcecode.c.h; path = MCIMAPFolder.h; sourceTree = "<group>"; };
		C64EA6C7169E847800778456 /* MCIMAPMessage.cc */ = {isa = PBXFileReference; fileEncoding = 4; lastKnownFileType = sourcecode.cpp.cpp; path = MCIMAPMessage.cc; sourceTree = "<group>"; };
		C64EA6C8169E847800778456 /* MCIMAPMessage.h */ = {isa = PBXFileReference; fileEncoding = 4; lastKnownFileType = sourcecode.c.h; path = MCIMAPMessage.h; sourceTree = "<group>"; };
		C64EA6C9169E847800778456 /* MCIMAPMessagePart.cc */ = {isa = PBXFileReference; fileEncoding = 4; lastKnownFileType = sourcecode.cpp.cpp; path = MCIMAPMessagePart.cc; sourceTree = "<group>"; };
		C64EA6CA169E847800778456 /* MCIMAPMessagePart.h */ = {isa = PBXFileReference; fileEncoding = 4; lastKnownFileType = sourcecode.c.h; path = MCIMAPMessagePart.h; sourceTree = "<group>"; };
		C64EA6CB169E847800778456 /* MCIMAPMultipart.cc */ = {isa = PBXFileReference; fileEncoding = 4; lastKnownFileType = sourcecode.cpp.cpp; path = MCIMAPMultipart.cc; sourceTree = "<group>"; };
		C64EA6CC169E847800778456 /* MCIMAPMultipart.h */ = {isa = PBXFileReference; fileEncoding = 4; lastKnownFileType = sourcecode.c.h; path = MCIMAPMultipart.h; sourceTree = "<group>"; };
		C64EA6CD169E847800778456 /* MCIMAPNamespace.cc */ = {isa = PBXFileReference; fileEncoding = 4; lastKnownFileType = sourcecode.cpp.cpp; path = MCIMAPNamespace.cc; sourceTree = "<group>"; };
		C64EA6CE169E847800778456 /* MCIMAPNamespace.h */ = {isa = PBXFileReference; fileEncoding = 4; lastKnownFileType = sourcecode.c.h; path = MCIMAPNamespace.h; sourceTree = "<group>"; };
		C64EA6CF169E847800778456 /* MCIMAPNamespaceItem.cc */ = {isa = PBXFileReference; fileEncoding = 4; lastKnownFileType = sourcecode.cpp.cpp; path = MCIMAPNamespaceItem.cc; sourceTree = "<group>"; };
		C64EA6D0169E847800778456 /* MCIMAPNamespaceItem.h */ = {isa = PBXFileReference; fileEncoding = 4; lastKnownFileType = sourcecode.c.h; path = MCIMAPNamespaceItem.h; sourceTree = "<group>"; };
		C64EA6D1169E847800778456 /* MCIMAPPart.cc */ = {isa = PBXFileReference; fileEncoding = 4; lastKnownFileType = sourcecode.cpp.cpp; path = MCIMAPPart.cc; sourceTree = "<group>"; };
		C64EA6D2169E847800778456 /* MCIMAPPart.h */ = {isa = PBXFileReference; fileEncoding = 4; lastKnownFileType = sourcecode.c.h; path = MCIMAPPart.h; sourceTree = "<group>"; };
		C64EA6D3169E847800778456 /* MCIMAPProgressCallback.h */ = {isa = PBXFileReference; fileEncoding = 4; lastKnownFileType = sourcecode.c.h; path = MCIMAPProgressCallback.h; sourceTree = "<group>"; };
		C64EA6D4169E847800778456 /* MCIMAPSearchExpression.cc */ = {isa = PBXFileReference; fileEncoding = 4; lastKnownFileType = sourcecode.cpp.cpp; path = MCIMAPSearchExpression.cc; sourceTree = "<group>"; };
		C64EA6D5169E847800778456 /* MCIMAPSearchExpression.h */ = {isa = PBXFileReference; fileEncoding = 4; lastKnownFileType = sourcecode.c.h; path = MCIMAPSearchExpression.h; sourceTree = "<group>"; };
		C64EA6D6169E847800778456 /* MCIMAPSession.cc */ = {isa = PBXFileReference; fileEncoding = 4; lastKnownFileType = sourcecode.cpp.cpp; path = MCIMAPSession.cc; sourceTree = "<group>"; };
		C64EA6D7169E847800778456 /* MCIMAPSession.h */ = {isa = PBXFileReference; fileEncoding = 4; lastKnownFileType = sourcecode.c.h; path = MCIMAPSession.h; sourceTree = "<group>"; };
		C64EA6D9169E847800778456 /* MCPOP.h */ = {isa = PBXFileReference; fileEncoding = 4; lastKnownFileType = sourcecode.c.h; path = MCPOP.h; sourceTree = "<group>"; };
		C64EA6DA169E847800778456 /* MCPOPMessageInfo.cc */ = {isa = PBXFileReference; fileEncoding = 4; lastKnownFileType = sourcecode.cpp.cpp; path = MCPOPMessageInfo.cc; sourceTree = "<group>"; };
		C64EA6DB169E847800778456 /* MCPOPMessageInfo.h */ = {isa = PBXFileReference; fileEncoding = 4; lastKnownFileType = sourcecode.c.h; path = MCPOPMessageInfo.h; sourceTree = "<group>"; };
		C64EA6DC169E847800778456 /* MCPOPProgressCallback.h */ = {isa = PBXFileReference; fileEncoding = 4; lastKnownFileType = sourcecode.c.h; path = MCPOPProgressCallback.h; sourceTree = "<group>"; };
		C64EA6DD169E847800778456 /* MCPOPSession.cc */ = {isa = PBXFileReference; fileEncoding = 4; lastKnownFileType = sourcecode.cpp.cpp; path = MCPOPSession.cc; sourceTree = "<group>"; };
		C64EA6DE169E847800778456 /* MCPOPSession.h */ = {isa = PBXFileReference; fileEncoding = 4; lastKnownFileType = sourcecode.c.h; path = MCPOPSession.h; sourceTree = "<group>"; };
		C64EA6E0169E847800778456 /* MCAttachment.cc */ = {isa = PBXFileReference; fileEncoding = 4; lastKnownFileType = sourcecode.cpp.cpp; path = MCAttachment.cc; sourceTree = "<group>"; };
		C64EA6E1169E847800778456 /* MCAttachment.h */ = {isa = PBXFileReference; fileEncoding = 4; lastKnownFileType = sourcecode.c.h; path = MCAttachment.h; sourceTree = "<group>"; };
		C64EA6E2169E847800778456 /* MCMessageBuilder.cc */ = {isa = PBXFileReference; fileEncoding = 4; lastKnownFileType = sourcecode.cpp.cpp; path = MCMessageBuilder.cc; sourceTree = "<group>"; };
		C64EA6E3169E847800778456 /* MCMessageBuilder.h */ = {isa = PBXFileReference; fileEncoding = 4; lastKnownFileType = sourcecode.c.h; path = MCMessageBuilder.h; sourceTree = "<group>"; };
		C64EA6E4169E847800778456 /* MCMessageParser.cc */ = {isa = PBXFileReference; fileEncoding = 4; lastKnownFileType = sourcecode.cpp.cpp; path = MCMessageParser.cc; sourceTree = "<group>"; };
		C64EA6E5169E847800778456 /* MCMessageParser.h */ = {isa = PBXFileReference; fileEncoding = 4; lastKnownFileType = sourcecode.c.h; path = MCMessageParser.h; sourceTree = "<group>"; };
		C64EA6E6169E847800778456 /* MCMessagePart.cc */ = {isa = PBXFileReference; fileEncoding = 4; lastKnownFileType = sourcecode.cpp.cpp; path = MCMessagePart.cc; sourceTree = "<group>"; };
		C64EA6E7169E847800778456 /* MCMessagePart.h */ = {isa = PBXFileReference; fileEncoding = 4; lastKnownFileType = sourcecode.c.h; path = MCMessagePart.h; sourceTree = "<group>"; };
		C64EA6E8169E847800778456 /* MCMultipart.cc */ = {isa = PBXFileReference; fileEncoding = 4; lastKnownFileType = sourcecode.cpp.cpp; path = MCMultipart.cc; sourceTree = "<group>"; };
		C64EA6E9169E847800778456 /* MCMultipart.h */ = {isa = PBXFileReference; fileEncoding = 4; lastKnownFileType = sourcecode.c.h; path = MCMultipart.h; sourceTree = "<group>"; };
		C64EA6EA169E847800778456 /* MCRFC822.h */ = {isa = PBXFileReference; fileEncoding = 4; lastKnownFileType = sourcecode.c.h; path = MCRFC822.h; sourceTree = "<group>"; };
		C64EA6EC169E847800778456 /* MCSMTP.h */ = {isa = PBXFileReference; fileEncoding = 4; lastKnownFileType = sourcecode.c.h; path = MCSMTP.h; sourceTree = "<group>"; };
		C64EA6ED169E847800778456 /* MCSMTPProgressCallback.h */ = {isa = PBXFileReference; fileEncoding = 4; lastKnownFileType = sourcecode.c.h; path = MCSMTPProgressCallback.h; sourceTree = "<group>"; };
		C64EA6EE169E847800778456 /* MCSMTPSession.cc */ = {isa = PBXFileReference; fileEncoding = 4; lastKnownFileType = sourcecode.cpp.cpp; path = MCSMTPSession.cc; sourceTree = "<group>"; };
		C64EA6EF169E847800778456 /* MCSMTPSession.h */ = {isa = PBXFileReference; fileEncoding = 4; lastKnownFileType = sourcecode.c.h; path = MCSMTPSession.h; sourceTree = "<group>"; };
		C64EA782169F23AB00778456 /* MCCore.h */ = {isa = PBXFileReference; fileEncoding = 4; lastKnownFileType = sourcecode.c.h; path = MCCore.h; sourceTree = "<group>"; };
		C64EA78C169F259200778456 /* tests */ = {isa = PBXFileReference; explicitFileType = "compiled.mach-o.executable"; includeInIndex = 0; path = tests; sourceTree = BUILT_PRODUCTS_DIR; };
		C64EA78F169F259200778456 /* Foundation.framework */ = {isa = PBXFileReference; lastKnownFileType = wrapper.framework; name = Foundation.framework; path = System/Library/Frameworks/Foundation.framework; sourceTree = SDKROOT; };
		C64EA79C169F29A700778456 /* MCSMTPSendWithDataOperation.cc */ = {isa = PBXFileReference; fileEncoding = 4; lastKnownFileType = sourcecode.cpp.cpp; path = MCSMTPSendWithDataOperation.cc; sourceTree = "<group>"; };
		C64EA79D169F29A700778456 /* MCSMTPSendWithDataOperation.h */ = {isa = PBXFileReference; fileEncoding = 4; lastKnownFileType = sourcecode.c.h; path = MCSMTPSendWithDataOperation.h; sourceTree = "<group>"; };
		C64EA7A4169F2A3E00778456 /* mailcore.h */ = {isa = PBXFileReference; fileEncoding = 4; lastKnownFileType = sourcecode.c.h; path = mailcore.h; sourceTree = "<group>"; };
		C64EA7AA16A00AF600778456 /* main.mm */ = {isa = PBXFileReference; fileEncoding = 4; lastKnownFileType = sourcecode.cpp.objcpp; path = main.mm; sourceTree = "<group>"; };
		C64EA7B016A00BBB00778456 /* CoreServices.framework */ = {isa = PBXFileReference; lastKnownFileType = wrapper.framework; name = CoreServices.framework; path = System/Library/Frameworks/CoreServices.framework; sourceTree = SDKROOT; };
		C64EA7D816A1386500778456 /* MCSMTPOperation.cc */ = {isa = PBXFileReference; fileEncoding = 4; lastKnownFileType = sourcecode.cpp.cpp; path = MCSMTPOperation.cc; sourceTree = "<group>"; };
		C64EA7D916A1386600778456 /* MCSMTPOperation.h */ = {isa = PBXFileReference; fileEncoding = 4; lastKnownFileType = sourcecode.c.h; path = MCSMTPOperation.h; sourceTree = "<group>"; };
		C64EA7E116A1425400778456 /* MCSMTPOperationCallback.h */ = {isa = PBXFileReference; fileEncoding = 4; lastKnownFileType = sourcecode.c.h; path = MCSMTPOperationCallback.h; sourceTree = "<group>"; };
		C64EA7E316A149EF00778456 /* MCAsyncSMTP.h */ = {isa = PBXFileReference; lastKnownFileType = sourcecode.c.h; path = MCAsyncSMTP.h; sourceTree = "<group>"; };
		C64EA7E416A14A4500778456 /* MCAsync.h */ = {isa = PBXFileReference; lastKnownFileType = sourcecode.c.h; path = MCAsync.h; sourceTree = "<group>"; };
		C64EA7E816A154B000778456 /* MCSMTPCheckAccountOperation.cc */ = {isa = PBXFileReference; fileEncoding = 4; lastKnownFileType = sourcecode.cpp.cpp; path = MCSMTPCheckAccountOperation.cc; sourceTree = "<group>"; };
		C64EA7E916A154B200778456 /* MCSMTPCheckAccountOperation.h */ = {isa = PBXFileReference; fileEncoding = 4; lastKnownFileType = sourcecode.c.h; path = MCSMTPCheckAccountOperation.h; sourceTree = "<group>"; };
		C64EA7EF16A15A4D00778456 /* MCIMAPOperation.cc */ = {isa = PBXFileReference; fileEncoding = 4; lastKnownFileType = sourcecode.cpp.cpp; path = MCIMAPOperation.cc; sourceTree = "<group>"; };
		C64EA7F016A15A4D00778456 /* MCIMAPOperation.h */ = {isa = PBXFileReference; fileEncoding = 4; lastKnownFileType = sourcecode.c.h; path = MCIMAPOperation.h; sourceTree = "<group>"; };
		C64EA7F416A15A6300778456 /* MCIMAPOperationCallback.h */ = {isa = PBXFileReference; fileEncoding = 4; lastKnownFileType = sourcecode.c.h; path = MCIMAPOperationCallback.h; sourceTree = "<group>"; };
		C64EA7F616A15A7800778456 /* MCIMAPCheckAccountOperation.cc */ = {isa = PBXFileReference; fileEncoding = 4; lastKnownFileType = sourcecode.cpp.cpp; path = MCIMAPCheckAccountOperation.cc; sourceTree = "<group>"; };
		C64EA7F716A15A7800778456 /* MCIMAPCheckAccountOperation.h */ = {isa = PBXFileReference; fileEncoding = 4; lastKnownFileType = sourcecode.c.h; path = MCIMAPCheckAccountOperation.h; sourceTree = "<group>"; };
		C64EA7F916A15A9200778456 /* MCAsyncIMAP.h */ = {isa = PBXFileReference; lastKnownFileType = sourcecode.c.h; path = MCAsyncIMAP.h; sourceTree = "<group>"; };
		C64EA7FA16A2959700778456 /* MCIMAPFetchFoldersOperation.cc */ = {isa = PBXFileReference; fileEncoding = 4; lastKnownFileType = sourcecode.cpp.cpp; path = MCIMAPFetchFoldersOperation.cc; sourceTree = "<group>"; };
		C64EA7FB16A2959700778456 /* MCIMAPFetchFoldersOperation.h */ = {isa = PBXFileReference; fileEncoding = 4; lastKnownFileType = sourcecode.c.h; path = MCIMAPFetchFoldersOperation.h; sourceTree = "<group>"; };
		C64EA7FD16A295B500778456 /* MCIMAPAsyncConnection.cc */ = {isa = PBXFileReference; fileEncoding = 4; lastKnownFileType = sourcecode.cpp.cpp; path = MCIMAPAsyncConnection.cc; sourceTree = "<group>"; };
		C64EA80016A295E200778456 /* MCIMAPRenameFolderOperation.cc */ = {isa = PBXFileReference; fileEncoding = 4; lastKnownFileType = sourcecode.cpp.cpp; path = MCIMAPRenameFolderOperation.cc; sourceTree = "<group>"; };
		C64EA80116A295E300778456 /* MCIMAPRenameFolderOperation.h */ = {isa = PBXFileReference; fileEncoding = 4; lastKnownFileType = sourcecode.c.h; path = MCIMAPRenameFolderOperation.h; sourceTree = "<group>"; };
		C64EA80316A2997B00778456 /* MCIMAPDeleteFolderOperation.cc */ = {isa = PBXFileReference; fileEncoding = 4; lastKnownFileType = sourcecode.cpp.cpp; path = MCIMAPDeleteFolderOperation.cc; sourceTree = "<group>"; };
		C64EA80416A2997D00778456 /* MCIMAPDeleteFolderOperation.h */ = {isa = PBXFileReference; fileEncoding = 4; lastKnownFileType = sourcecode.c.h; path = MCIMAPDeleteFolderOperation.h; sourceTree = "<group>"; };
		C64EA80616A2999800778456 /* MCIMAPCreateFolderOperation.cc */ = {isa = PBXFileReference; fileEncoding = 4; lastKnownFileType = sourcecode.cpp.cpp; path = MCIMAPCreateFolderOperation.cc; sourceTree = "<group>"; };
		C64EA80716A2999900778456 /* MCIMAPCreateFolderOperation.h */ = {isa = PBXFileReference; fileEncoding = 4; lastKnownFileType = sourcecode.c.h; path = MCIMAPCreateFolderOperation.h; sourceTree = "<group>"; };
		C64EA80916A299B500778456 /* MCIMAPSubscribeFolderOperation.cc */ = {isa = PBXFileReference; fileEncoding = 4; lastKnownFileType = sourcecode.cpp.cpp; path = MCIMAPSubscribeFolderOperation.cc; sourceTree = "<group>"; };
		C64EA80A16A299B600778456 /* MCIMAPSubscribeFolderOperation.h */ = {isa = PBXFileReference; fileEncoding = 4; lastKnownFileType = sourcecode.c.h; path = MCIMAPSubscribeFolderOperation.h; sourceTree = "<group>"; };
		C64EA80F16A299EA00778456 /* MCIMAPAppendMessageOperation.cc */ = {isa = PBXFileReference; fileEncoding = 4; lastKnownFileType = sourcecode.cpp.cpp; path = MCIMAPAppendMessageOperation.cc; sourceTree = "<group>"; };
		C64EA81016A299EB00778456 /* MCIMAPAppendMessageOperation.h */ = {isa = PBXFileReference; fileEncoding = 4; lastKnownFileType = sourcecode.c.h; path = MCIMAPAppendMessageOperation.h; sourceTree = "<group>"; };
		C64EA81216A29A0A00778456 /* MCIMAPCopyMessagesOperation.cc */ = {isa = PBXFileReference; fileEncoding = 4; lastKnownFileType = sourcecode.cpp.cpp; path = MCIMAPCopyMessagesOperation.cc; sourceTree = "<group>"; };
		C64EA81316A29A1000778456 /* MCIMAPCopyMessagesOperation.h */ = {isa = PBXFileReference; fileEncoding = 4; lastKnownFileType = sourcecode.c.h; path = MCIMAPCopyMessagesOperation.h; sourceTree = "<group>"; };
		C64EA81516A29A8500778456 /* MCIMAPExpungeOperation.cc */ = {isa = PBXFileReference; fileEncoding = 4; lastKnownFileType = sourcecode.cpp.cpp; path = MCIMAPExpungeOperation.cc; sourceTree = "<group>"; };
		C64EA81616A29A8600778456 /* MCIMAPExpungeOperation.h */ = {isa = PBXFileReference; fileEncoding = 4; lastKnownFileType = sourcecode.c.h; path = MCIMAPExpungeOperation.h; sourceTree = "<group>"; };
		C64EA81816A29AD400778456 /* MCIMAPFetchMessagesOperation.cc */ = {isa = PBXFileReference; fileEncoding = 4; lastKnownFileType = sourcecode.cpp.cpp; path = MCIMAPFetchMessagesOperation.cc; sourceTree = "<group>"; };
		C64EA81916A29ADB00778456 /* MCIMAPFetchMessagesOperation.h */ = {isa = PBXFileReference; fileEncoding = 4; lastKnownFileType = sourcecode.c.h; path = MCIMAPFetchMessagesOperation.h; sourceTree = "<group>"; };
		C64EA81B16A29DC100778456 /* MCIMAPFetchContentOperation.cc */ = {isa = PBXFileReference; fileEncoding = 4; lastKnownFileType = sourcecode.cpp.cpp; path = MCIMAPFetchContentOperation.cc; sourceTree = "<group>"; };
		C64EA81C16A29DC400778456 /* MCIMAPFetchContentOperation.h */ = {isa = PBXFileReference; fileEncoding = 4; lastKnownFileType = sourcecode.c.h; path = MCIMAPFetchContentOperation.h; sourceTree = "<group>"; };
		C64EA81E16A29E3D00778456 /* MCIMAPStoreFlagsOperation.cc */ = {isa = PBXFileReference; fileEncoding = 4; lastKnownFileType = sourcecode.cpp.cpp; path = MCIMAPStoreFlagsOperation.cc; sourceTree = "<group>"; };
		C64EA81F16A29E3F00778456 /* MCIMAPStoreFlagsOperation.h */ = {isa = PBXFileReference; fileEncoding = 4; lastKnownFileType = sourcecode.c.h; path = MCIMAPStoreFlagsOperation.h; sourceTree = "<group>"; };
		C64EA82116A29E4F00778456 /* MCIMAPStoreLabelsOperation.cc */ = {isa = PBXFileReference; fileEncoding = 4; lastKnownFileType = sourcecode.cpp.cpp; path = MCIMAPStoreLabelsOperation.cc; sourceTree = "<group>"; };
		C64EA82216A29E5200778456 /* MCIMAPStoreLabelsOperation.h */ = {isa = PBXFileReference; fileEncoding = 4; lastKnownFileType = sourcecode.c.h; path = MCIMAPStoreLabelsOperation.h; sourceTree = "<group>"; };
		C64EA82416A29EE000778456 /* MCIMAPSearchOperation.cc */ = {isa = PBXFileReference; fileEncoding = 4; lastKnownFileType = sourcecode.cpp.cpp; path = MCIMAPSearchOperation.cc; sourceTree = "<group>"; };
		C64EA82516A29EE300778456 /* MCIMAPSearchOperation.h */ = {isa = PBXFileReference; fileEncoding = 4; lastKnownFileType = sourcecode.c.h; path = MCIMAPSearchOperation.h; sourceTree = "<group>"; };
		C64EA82716A29EF400778456 /* MCIMAPIdleOperation.cc */ = {isa = PBXFileReference; fileEncoding = 4; lastKnownFileType = sourcecode.cpp.cpp; path = MCIMAPIdleOperation.cc; sourceTree = "<group>"; };
		C64EA82816A29F0300778456 /* MCIMAPIdleOperation.h */ = {isa = PBXFileReference; fileEncoding = 4; lastKnownFileType = sourcecode.c.h; path = MCIMAPIdleOperation.h; sourceTree = "<group>"; };
		C64EA82A16A29FAA00778456 /* MCIMAPFetchNamespaceOperation.cc */ = {isa = PBXFileReference; fileEncoding = 4; lastKnownFileType = sourcecode.cpp.cpp; path = MCIMAPFetchNamespaceOperation.cc; sourceTree = "<group>"; };
		C64EA82B16A2A01400778456 /* MCIMAPFetchNamespaceOperation.h */ = {isa = PBXFileReference; fileEncoding = 4; lastKnownFileType = sourcecode.c.h; path = MCIMAPFetchNamespaceOperation.h; sourceTree = "<group>"; };
		C6D42C1916AE03D6002BB4F9 /* NSData+MCO.h */ = {isa = PBXFileReference; fileEncoding = 4; lastKnownFileType = sourcecode.c.h; path = "NSData+MCO.h"; sourceTree = "<group>"; };
		C6D42C1A16AE03D6002BB4F9 /* NSData+MCO.mm */ = {isa = PBXFileReference; fileEncoding = 4; lastKnownFileType = sourcecode.cpp.objcpp; path = "NSData+MCO.mm"; sourceTree = "<group>"; };
		C6D42C1B16AE03D6002BB4F9 /* NSString+MCO.h */ = {isa = PBXFileReference; fileEncoding = 4; lastKnownFileType = sourcecode.c.h; path = "NSString+MCO.h"; sourceTree = "<group>"; };
		C6D42C1C16AE03D6002BB4F9 /* NSString+MCO.mm */ = {isa = PBXFileReference; fileEncoding = 4; lastKnownFileType = sourcecode.cpp.objcpp; path = "NSString+MCO.mm"; sourceTree = "<group>"; };
/* End PBXFileReference section */

/* Begin PBXFrameworksBuildPhase section */
		C64EA534169E772200778456 /* Frameworks */ = {
			isa = PBXFrameworksBuildPhase;
			buildActionMask = 2147483647;
			files = (
			);
			runOnlyForDeploymentPostprocessing = 0;
		};
		C64EA789169F259200778456 /* Frameworks */ = {
			isa = PBXFrameworksBuildPhase;
			buildActionMask = 2147483647;
			files = (
				C64EA7B116A00BBB00778456 /* CoreServices.framework in Frameworks */,
				C64EA790169F259200778456 /* Foundation.framework in Frameworks */,
				C64EA79B169F259F00778456 /* libmailcore2.a in Frameworks */,
			);
			runOnlyForDeploymentPostprocessing = 0;
		};
/* End PBXFrameworksBuildPhase section */

/* Begin PBXGroup section */
		C64EA52C169E772200778456 = {
			isa = PBXGroup;
			children = (
				C64EA545169E78B100778456 /* src */,
				C64EA7A916A00AF400778456 /* tests */,
				C64EA78E169F259200778456 /* Frameworks */,
				C64EA538169E772200778456 /* Products */,
			);
			sourceTree = "<group>";
		};
		C64EA538169E772200778456 /* Products */ = {
			isa = PBXGroup;
			children = (
				C64EA537169E772200778456 /* libmailcore2.a */,
				C64EA78C169F259200778456 /* tests */,
			);
			name = Products;
			sourceTree = "<group>";
		};
		C64EA545169E78B100778456 /* src */ = {
			isa = PBXGroup;
			children = (
				C6D42C0016ADF5AF002BB4F9 /* objc */,
				C64EA68A169E847800778456 /* async */,
				C64EA691169E847800778456 /* core */,
				C64EA7A4169F2A3E00778456 /* mailcore.h */,
			);
			name = src;
			path = ../src;
			sourceTree = "<group>";
		};
		C64EA68A169E847800778456 /* async */ = {
			isa = PBXGroup;
			children = (
				C64EA68B169E847800778456 /* imap */,
				C64EA68D169E847800778456 /* pop */,
				C64EA68E169E847800778456 /* smtp */,
				C64EA7E416A14A4500778456 /* MCAsync.h */,
			);
			path = async;
			sourceTree = "<group>";
		};
		C64EA68B169E847800778456 /* imap */ = {
			isa = PBXGroup;
			children = (
				C64EA7F916A15A9200778456 /* MCAsyncIMAP.h */,
				C64EA7FD16A295B500778456 /* MCIMAPAsyncConnection.cc */,
				C64EA68C169E847800778456 /* MCIMAPAsyncConnection.h */,
				C62C6F0816A8F57000737497 /* MCIMAPAsyncSession.cpp */,
				C62C6F0916A8F57700737497 /* MCIMAPAsyncSession.h */,
				C64EA7EF16A15A4D00778456 /* MCIMAPOperation.cc */,
				C64EA7F016A15A4D00778456 /* MCIMAPOperation.h */,
				C64EA7F416A15A6300778456 /* MCIMAPOperationCallback.h */,
				C64EA7F616A15A7800778456 /* MCIMAPCheckAccountOperation.cc */,
				C64EA7F716A15A7800778456 /* MCIMAPCheckAccountOperation.h */,
				C64EA7FA16A2959700778456 /* MCIMAPFetchFoldersOperation.cc */,
				C64EA7FB16A2959700778456 /* MCIMAPFetchFoldersOperation.h */,
				C64EA80016A295E200778456 /* MCIMAPRenameFolderOperation.cc */,
				C64EA80116A295E300778456 /* MCIMAPRenameFolderOperation.h */,
				C64EA80316A2997B00778456 /* MCIMAPDeleteFolderOperation.cc */,
				C64EA80416A2997D00778456 /* MCIMAPDeleteFolderOperation.h */,
				C64EA80616A2999800778456 /* MCIMAPCreateFolderOperation.cc */,
				C64EA80716A2999900778456 /* MCIMAPCreateFolderOperation.h */,
				C64EA80916A299B500778456 /* MCIMAPSubscribeFolderOperation.cc */,
				C64EA80A16A299B600778456 /* MCIMAPSubscribeFolderOperation.h */,
				C64EA80F16A299EA00778456 /* MCIMAPAppendMessageOperation.cc */,
				C64EA81016A299EB00778456 /* MCIMAPAppendMessageOperation.h */,
				C64EA81216A29A0A00778456 /* MCIMAPCopyMessagesOperation.cc */,
				C64EA81316A29A1000778456 /* MCIMAPCopyMessagesOperation.h */,
				C64EA81516A29A8500778456 /* MCIMAPExpungeOperation.cc */,
				C64EA81616A29A8600778456 /* MCIMAPExpungeOperation.h */,
				C64EA81816A29AD400778456 /* MCIMAPFetchMessagesOperation.cc */,
				C64EA81916A29ADB00778456 /* MCIMAPFetchMessagesOperation.h */,
				C64EA81B16A29DC100778456 /* MCIMAPFetchContentOperation.cc */,
				C64EA81C16A29DC400778456 /* MCIMAPFetchContentOperation.h */,
				C64EA81E16A29E3D00778456 /* MCIMAPStoreFlagsOperation.cc */,
				C64EA81F16A29E3F00778456 /* MCIMAPStoreFlagsOperation.h */,
				C64EA82116A29E4F00778456 /* MCIMAPStoreLabelsOperation.cc */,
				C64EA82216A29E5200778456 /* MCIMAPStoreLabelsOperation.h */,
				C64EA82416A29EE000778456 /* MCIMAPSearchOperation.cc */,
				C64EA82516A29EE300778456 /* MCIMAPSearchOperation.h */,
				C64EA82716A29EF400778456 /* MCIMAPIdleOperation.cc */,
				C64EA82816A29F0300778456 /* MCIMAPIdleOperation.h */,
				C64EA82A16A29FAA00778456 /* MCIMAPFetchNamespaceOperation.cc */,
				C64EA82B16A2A01400778456 /* MCIMAPFetchNamespaceOperation.h */,
				C62C6ED216A2A0E600737497 /* MCIMAPIdentityOperation.cc */,
				C62C6ED316A2A0E600737497 /* MCIMAPIdentityOperation.h */,
				C62C6ED616A398FA00737497 /* MCIMAPFolderInfoOperation.cc */,
				C62C6ED716A398FA00737497 /* MCIMAPFolderInfoOperation.h */,
			);
			path = imap;
			sourceTree = "<group>";
		};
		C64EA68D169E847800778456 /* pop */ = {
			isa = PBXGroup;
			children = (
				C62C6EFD16A7DD0300737497 /* MCAsyncPOP.h */,
				C62C6EED16A7B67600737497 /* MCPOPAsyncSession.cc */,
				C62C6EEE16A7B67600737497 /* MCPOPAsyncSession.h */,
				C62C6EF016A7C6DE00737497 /* MCPOPFetchHeaderOperation.cc */,
				C62C6EF116A7C6DE00737497 /* MCPOPFetchHeaderOperation.h */,
				C62C6EF316A7C6E900737497 /* MCPOPFetchMessageOperation.cc */,
				C62C6EF416A7C6E900737497 /* MCPOPFetchMessageOperation.h */,
				C62C6EF616A7C6F500737497 /* MCPOPDeleteMessagesOperation.cc */,
				C62C6EF716A7C6F500737497 /* MCPOPDeleteMessagesOperation.h */,
				C62C6F0416A7E54200737497 /* MCPOPFetchMessagesOperation.cc */,
				C62C6F0516A7E54400737497 /* MCPOPFetchMessagesOperation.h */,
				C62C6EF916A7C93F00737497 /* MCPOPOperation.cc */,
				C62C6EFA16A7C94000737497 /* MCPOPOperation.h */,
				C62C6EFC16A7CA1500737497 /* MCPOPOperationCallback.h */,
			);
			path = pop;
			sourceTree = "<group>";
		};
		C64EA68E169E847800778456 /* smtp */ = {
			isa = PBXGroup;
			children = (
				C64EA68F169E847800778456 /* MCSMTPAsyncSession.cc */,
				C64EA690169E847800778456 /* MCSMTPAsyncSession.h */,
				C64EA79C169F29A700778456 /* MCSMTPSendWithDataOperation.cc */,
				C64EA79D169F29A700778456 /* MCSMTPSendWithDataOperation.h */,
				C64EA7D816A1386500778456 /* MCSMTPOperation.cc */,
				C64EA7D916A1386600778456 /* MCSMTPOperation.h */,
				C64EA7E116A1425400778456 /* MCSMTPOperationCallback.h */,
				C64EA7E316A149EF00778456 /* MCAsyncSMTP.h */,
				C64EA7E816A154B000778456 /* MCSMTPCheckAccountOperation.cc */,
				C64EA7E916A154B200778456 /* MCSMTPCheckAccountOperation.h */,
			);
			path = smtp;
			sourceTree = "<group>";
		};
		C64EA691169E847800778456 /* core */ = {
			isa = PBXGroup;
			children = (
				C64EA692169E847800778456 /* abstract */,
				C64EA6A1169E847800778456 /* basetypes */,
				C64EA6C3169E847800778456 /* imap */,
				C64EA6D8169E847800778456 /* pop */,
				C64EA6DF169E847800778456 /* rfc822 */,
				C64EA6EB169E847800778456 /* smtp */,
				C64EA782169F23AB00778456 /* MCCore.h */,
			);
			path = core;
			sourceTree = "<group>";
		};
		C64EA692169E847800778456 /* abstract */ = {
			isa = PBXGroup;
			children = (
				C64EA693169E847800778456 /* MCAbstract.h */,
				C64EA694169E847800778456 /* MCAbstractMessage.cc */,
				C64EA695169E847800778456 /* MCAbstractMessage.h */,
				C64EA696169E847800778456 /* MCAbstractMessagePart.cc */,
				C64EA697169E847800778456 /* MCAbstractMessagePart.h */,
				C64EA698169E847800778456 /* MCAbstractMultipart.cc */,
				C64EA699169E847800778456 /* MCAbstractMultipart.h */,
				C64EA69A169E847800778456 /* MCAbstractPart.cc */,
				C64EA69B169E847800778456 /* MCAbstractPart.h */,
				C64EA69C169E847800778456 /* MCAddress.cc */,
				C64EA69D169E847800778456 /* MCAddress.h */,
				C64EA69E169E847800778456 /* MCMessageConstants.h */,
				C64EA69F169E847800778456 /* MCMessageHeader.cc */,
				C64EA6A0169E847800778456 /* MCMessageHeader.h */,
			);
			path = abstract;
			sourceTree = "<group>";
		};
		C64EA6A1169E847800778456 /* basetypes */ = {
			isa = PBXGroup;
			children = (
				C64EA6A2169E847800778456 /* MCAutoreleasePool.cc */,
				C64EA6A3169E847800778456 /* MCAutoreleasePool.h */,
				C64EA6A4169E847800778456 /* MCBaseTypes.h */,
				C64EA6A5169E847800778456 /* MCArray.cc */,
				C64EA6A6169E847800778456 /* MCArray.h */,
				C64EA6A7169E847800778456 /* MCAssert.cc */,
				C64EA6A8169E847800778456 /* MCAssert.h */,
				C64EA6A9169E847800778456 /* MCData.cc */,
				C64EA6AA169E847800778456 /* MCData.h */,
				C64EA6AB169E847800778456 /* MCHash.cc */,
				C64EA6AC169E847800778456 /* MCHash.h */,
				C64EA6AD169E847800778456 /* MCHashMap.cc */,
				C64EA6AE169E847800778456 /* MCHashMap.h */,
				C64EA6AF169E847800778456 /* MCLog.cc */,
				C64EA6B0169E847800778456 /* MCLog.h */,
				C64EA6B1169E847800778456 /* MCObject.cc */,
				C64EA6B2169E847800778456 /* MCObject.h */,
				C64EA6B3169E847800778456 /* MCRange.cc */,
				C64EA6B4169E847800778456 /* MCRange.h */,
				C64EA6B5169E847800778456 /* MCSet.cc */,
				C64EA6B6169E847800778456 /* MCSet.h */,
				C64EA6B7169E847800778456 /* MCString.cc */,
				C64EA6B8169E847800778456 /* MCString.h */,
				C64EA6B9169E847800778456 /* MCUtils.h */,
				C64EA6BA169E847800778456 /* MCValue.cc */,
				C64EA6BB169E847800778456 /* MCValue.h */,
				C64EA6BC169E847800778456 /* MCMainThread.h */,
				C64EA6BD169E847800778456 /* MCMainThread.mm */,
				C64EA6BE169E847800778456 /* MCOperation.cc */,
				C64EA6BF169E847800778456 /* MCOperation.h */,
				C64EA6C0169E847800778456 /* MCOperationCallback.h */,
				C64EA6C1169E847800778456 /* MCOperationQueue.cc */,
				C64EA6C2169E847800778456 /* MCOperationQueue.h */,
			);
			path = basetypes;
			sourceTree = "<group>";
		};
		C64EA6C3169E847800778456 /* imap */ = {
			isa = PBXGroup;
			children = (
				C64EA6C4169E847800778456 /* MCIMAP.h */,
				C64EA6C5169E847800778456 /* MCIMAPFolder.cc */,
				C64EA6C6169E847800778456 /* MCIMAPFolder.h */,
				C64EA6C7169E847800778456 /* MCIMAPMessage.cc */,
				C64EA6C8169E847800778456 /* MCIMAPMessage.h */,
				C64EA6C9169E847800778456 /* MCIMAPMessagePart.cc */,
				C64EA6CA169E847800778456 /* MCIMAPMessagePart.h */,
				C64EA6CB169E847800778456 /* MCIMAPMultipart.cc */,
				C64EA6CC169E847800778456 /* MCIMAPMultipart.h */,
				C64EA6CD169E847800778456 /* MCIMAPNamespace.cc */,
				C64EA6CE169E847800778456 /* MCIMAPNamespace.h */,
				C64EA6CF169E847800778456 /* MCIMAPNamespaceItem.cc */,
				C64EA6D0169E847800778456 /* MCIMAPNamespaceItem.h */,
				C64EA6D1169E847800778456 /* MCIMAPPart.cc */,
				C64EA6D2169E847800778456 /* MCIMAPPart.h */,
				C64EA6D3169E847800778456 /* MCIMAPProgressCallback.h */,
				C64EA6D4169E847800778456 /* MCIMAPSearchExpression.cc */,
				C64EA6D5169E847800778456 /* MCIMAPSearchExpression.h */,
				C64EA6D6169E847800778456 /* MCIMAPSession.cc */,
				C64EA6D7169E847800778456 /* MCIMAPSession.h */,
			);
			path = imap;
			sourceTree = "<group>";
		};
		C64EA6D8169E847800778456 /* pop */ = {
			isa = PBXGroup;
			children = (
				C64EA6D9169E847800778456 /* MCPOP.h */,
				C64EA6DA169E847800778456 /* MCPOPMessageInfo.cc */,
				C64EA6DB169E847800778456 /* MCPOPMessageInfo.h */,
				C64EA6DC169E847800778456 /* MCPOPProgressCallback.h */,
				C64EA6DD169E847800778456 /* MCPOPSession.cc */,
				C64EA6DE169E847800778456 /* MCPOPSession.h */,
			);
			path = pop;
			sourceTree = "<group>";
		};
		C64EA6DF169E847800778456 /* rfc822 */ = {
			isa = PBXGroup;
			children = (
				C64EA6E0169E847800778456 /* MCAttachment.cc */,
				C64EA6E1169E847800778456 /* MCAttachment.h */,
				C64EA6E2169E847800778456 /* MCMessageBuilder.cc */,
				C64EA6E3169E847800778456 /* MCMessageBuilder.h */,
				C64EA6E4169E847800778456 /* MCMessageParser.cc */,
				C64EA6E5169E847800778456 /* MCMessageParser.h */,
				C64EA6E6169E847800778456 /* MCMessagePart.cc */,
				C64EA6E7169E847800778456 /* MCMessagePart.h */,
				C64EA6E8169E847800778456 /* MCMultipart.cc */,
				C64EA6E9169E847800778456 /* MCMultipart.h */,
				C64EA6EA169E847800778456 /* MCRFC822.h */,
			);
			path = rfc822;
			sourceTree = "<group>";
		};
		C64EA6EB169E847800778456 /* smtp */ = {
			isa = PBXGroup;
			children = (
				C64EA6EC169E847800778456 /* MCSMTP.h */,
				C64EA6ED169E847800778456 /* MCSMTPProgressCallback.h */,
				C64EA6EE169E847800778456 /* MCSMTPSession.cc */,
				C64EA6EF169E847800778456 /* MCSMTPSession.h */,
			);
			path = smtp;
			sourceTree = "<group>";
		};
		C64EA78E169F259200778456 /* Frameworks */ = {
			isa = PBXGroup;
			children = (
				C64EA7B016A00BBB00778456 /* CoreServices.framework */,
				C64EA78F169F259200778456 /* Foundation.framework */,
			);
			name = Frameworks;
			sourceTree = "<group>";
		};
		C64EA7A916A00AF400778456 /* tests */ = {
			isa = PBXGroup;
			children = (
				C64EA7AA16A00AF600778456 /* main.mm */,
			);
			name = tests;
			path = ../tests;
			sourceTree = "<group>";
		};
		C6D42C0016ADF5AF002BB4F9 /* objc */ = {
			isa = PBXGroup;
			children = (
				C6D42C1816AE03D6002BB4F9 /* utils */,
			);
			path = objc;
			sourceTree = "<group>";
		};
		C6D42C1816AE03D6002BB4F9 /* utils */ = {
			isa = PBXGroup;
			children = (
				C6D42C1916AE03D6002BB4F9 /* NSData+MCO.h */,
				C6D42C1A16AE03D6002BB4F9 /* NSData+MCO.mm */,
				C6D42C1B16AE03D6002BB4F9 /* NSString+MCO.h */,
				C6D42C1C16AE03D6002BB4F9 /* NSString+MCO.mm */,
			);
			path = utils;
			sourceTree = "<group>";
		};
/* End PBXGroup section */

/* Begin PBXNativeTarget section */
		C64EA536169E772200778456 /* mailcore2 */ = {
			isa = PBXNativeTarget;
			buildConfigurationList = C64EA53B169E772200778456 /* Build configuration list for PBXNativeTarget "mailcore2" */;
			buildPhases = (
				C64EA780169E867600778456 /* ShellScript */,
				C64EA74B169E854B00778456 /* CopyFiles */,
				C64EA533169E772200778456 /* Sources */,
				C64EA534169E772200778456 /* Frameworks */,
			);
			buildRules = (
			);
			dependencies = (
			);
			name = mailcore2;
			productName = mailcore;
			productReference = C64EA537169E772200778456 /* libmailcore2.a */;
			productType = "com.apple.product-type.library.static";
		};
		C64EA78B169F259200778456 /* tests */ = {
			isa = PBXNativeTarget;
			buildConfigurationList = C64EA798169F259300778456 /* Build configuration list for PBXNativeTarget "tests" */;
			buildPhases = (
				C64EA788169F259200778456 /* Sources */,
				C64EA789169F259200778456 /* Frameworks */,
				C64EA78A169F259200778456 /* CopyFiles */,
			);
			buildRules = (
			);
			dependencies = (
				C64EA7A3169F2A1D00778456 /* PBXTargetDependency */,
			);
			name = tests;
			productName = tests;
			productReference = C64EA78C169F259200778456 /* tests */;
			productType = "com.apple.product-type.tool";
		};
/* End PBXNativeTarget section */

/* Begin PBXProject section */
		C64EA52E169E772200778456 /* Project object */ = {
			isa = PBXProject;
			attributes = {
				LastUpgradeCheck = 0450;
				ORGANIZATIONNAME = MailCore;
			};
			buildConfigurationList = C64EA531169E772200778456 /* Build configuration list for PBXProject "mailcore2" */;
			compatibilityVersion = "Xcode 3.2";
			developmentRegion = English;
			hasScannedForEncodings = 0;
			knownRegions = (
				en,
			);
			mainGroup = C64EA52C169E772200778456;
			productRefGroup = C64EA538169E772200778456 /* Products */;
			projectDirPath = "";
			projectRoot = "";
			targets = (
				C64EA536169E772200778456 /* mailcore2 */,
				C64EA78B169F259200778456 /* tests */,
			);
		};
/* End PBXProject section */

/* Begin PBXShellScriptBuildPhase section */
		C64EA780169E867600778456 /* ShellScript */ = {
			isa = PBXShellScriptBuildPhase;
			buildActionMask = 2147483647;
			files = (
			);
			inputPaths = (
			);
			outputPaths = (
			);
			runOnlyForDeploymentPostprocessing = 0;
			shellPath = /bin/sh;
			shellScript = "";
		};
/* End PBXShellScriptBuildPhase section */

/* Begin PBXSourcesBuildPhase section */
		C64EA533169E772200778456 /* Sources */ = {
			isa = PBXSourcesBuildPhase;
			buildActionMask = 2147483647;
			files = (
				C64EA6F4169E847800778456 /* MCAbstractMessage.cc in Sources */,
				C64EA6F6169E847800778456 /* MCAbstractMessagePart.cc in Sources */,
				C64EA6F8169E847800778456 /* MCAbstractMultipart.cc in Sources */,
				C64EA6FA169E847800778456 /* MCAbstractPart.cc in Sources */,
				C64EA6FC169E847800778456 /* MCAddress.cc in Sources */,
				C64EA6FF169E847800778456 /* MCMessageHeader.cc in Sources */,
				C64EA701169E847800778456 /* MCAutoreleasePool.cc in Sources */,
				C64EA704169E847800778456 /* MCArray.cc in Sources */,
				C64EA706169E847800778456 /* MCAssert.cc in Sources */,
				C64EA708169E847800778456 /* MCData.cc in Sources */,
				C64EA70A169E847800778456 /* MCHash.cc in Sources */,
				C64EA70C169E847800778456 /* MCHashMap.cc in Sources */,
				C64EA70E169E847800778456 /* MCLog.cc in Sources */,
				C64EA710169E847800778456 /* MCObject.cc in Sources */,
				C64EA712169E847800778456 /* MCRange.cc in Sources */,
				C64EA714169E847800778456 /* MCSet.cc in Sources */,
				C64EA716169E847800778456 /* MCString.cc in Sources */,
				C64EA719169E847800778456 /* MCValue.cc in Sources */,
				C64EA71C169E847800778456 /* MCMainThread.mm in Sources */,
				C64EA71D169E847800778456 /* MCOperation.cc in Sources */,
				C64EA720169E847800778456 /* MCOperationQueue.cc in Sources */,
				C64EA723169E847800778456 /* MCIMAPFolder.cc in Sources */,
				C64EA725169E847800778456 /* MCIMAPMessage.cc in Sources */,
				C64EA727169E847800778456 /* MCIMAPMessagePart.cc in Sources */,
				C64EA729169E847800778456 /* MCIMAPMultipart.cc in Sources */,
				C64EA72B169E847800778456 /* MCIMAPNamespace.cc in Sources */,
				C64EA72D169E847800778456 /* MCIMAPNamespaceItem.cc in Sources */,
				C64EA72F169E847800778456 /* MCIMAPPart.cc in Sources */,
				C64EA732169E847800778456 /* MCIMAPSearchExpression.cc in Sources */,
				C64EA734169E847800778456 /* MCIMAPSession.cc in Sources */,
				C64EA737169E847800778456 /* MCPOPMessageInfo.cc in Sources */,
				C64EA73A169E847800778456 /* MCPOPSession.cc in Sources */,
				C64EA73C169E847800778456 /* MCAttachment.cc in Sources */,
				C64EA73E169E847800778456 /* MCMessageBuilder.cc in Sources */,
				C64EA740169E847800778456 /* MCMessageParser.cc in Sources */,
				C64EA742169E847800778456 /* MCMessagePart.cc in Sources */,
				C64EA744169E847800778456 /* MCMultipart.cc in Sources */,
				C64EA781169E89F600778456 /* MCSMTPSession.cc in Sources */,
				C64EA784169F24E400778456 /* MCSMTPAsyncSession.cc in Sources */,
				C64EA79E169F29A700778456 /* MCSMTPSendWithDataOperation.cc in Sources */,
				C64EA7DA16A1386600778456 /* MCSMTPOperation.cc in Sources */,
				C64EA7EA16A154B300778456 /* MCSMTPCheckAccountOperation.cc in Sources */,
				C64EA7F116A15A4D00778456 /* MCIMAPOperation.cc in Sources */,
				C64EA7F816A15A7800778456 /* MCIMAPCheckAccountOperation.cc in Sources */,
				C64EA7FC16A2959800778456 /* MCIMAPFetchFoldersOperation.cc in Sources */,
				C64EA80216A295E400778456 /* MCIMAPRenameFolderOperation.cc in Sources */,
				C64EA80516A2997E00778456 /* MCIMAPDeleteFolderOperation.cc in Sources */,
				C64EA80816A2999A00778456 /* MCIMAPCreateFolderOperation.cc in Sources */,
				C64EA80B16A299B700778456 /* MCIMAPSubscribeFolderOperation.cc in Sources */,
				C64EA81116A299ED00778456 /* MCIMAPAppendMessageOperation.cc in Sources */,
				C64EA81416A29A2300778456 /* MCIMAPCopyMessagesOperation.cc in Sources */,
				C64EA81716A29A8700778456 /* MCIMAPExpungeOperation.cc in Sources */,
				C64EA81A16A29AF200778456 /* MCIMAPFetchMessagesOperation.cc in Sources */,
				C64EA81D16A29DC500778456 /* MCIMAPFetchContentOperation.cc in Sources */,
				C64EA82016A29E4100778456 /* MCIMAPStoreFlagsOperation.cc in Sources */,
				C64EA82316A29E5300778456 /* MCIMAPStoreLabelsOperation.cc in Sources */,
				C64EA82616A29EE500778456 /* MCIMAPSearchOperation.cc in Sources */,
				C64EA82916A29F2200778456 /* MCIMAPIdleOperation.cc in Sources */,
				C64EA82C16A2A08B00778456 /* MCIMAPFetchNamespaceOperation.cc in Sources */,
				C62C6ED416A2A0E600737497 /* MCIMAPIdentityOperation.cc in Sources */,
				C62C6ED816A398FA00737497 /* MCIMAPFolderInfoOperation.cc in Sources */,
				C62C6EDA16A3D60700737497 /* MCIMAPAsyncConnection.cc in Sources */,
				C62C6EEF16A7B67600737497 /* MCPOPAsyncSession.cc in Sources */,
				C62C6EF216A7C6DE00737497 /* MCPOPFetchHeaderOperation.cc in Sources */,
				C62C6EF516A7C6EA00737497 /* MCPOPFetchMessageOperation.cc in Sources */,
				C62C6EF816A7C6F500737497 /* MCPOPDeleteMessagesOperation.cc in Sources */,
				C62C6EFB16A7C94000737497 /* MCPOPOperation.cc in Sources */,
				C62C6F0616A7E54500737497 /* MCPOPFetchMessagesOperation.cc in Sources */,
				C62C6F0A16A8F58000737497 /* MCIMAPAsyncSession.cpp in Sources */,
				C6D42C1D16AE03D6002BB4F9 /* NSData+MCO.mm in Sources */,
				C6D42C1E16AE03D6002BB4F9 /* NSString+MCO.mm in Sources */,
			);
			runOnlyForDeploymentPostprocessing = 0;
		};
		C64EA788169F259200778456 /* Sources */ = {
			isa = PBXSourcesBuildPhase;
			buildActionMask = 2147483647;
			files = (
				C64EA7AB16A00AF600778456 /* main.mm in Sources */,
			);
			runOnlyForDeploymentPostprocessing = 0;
		};
/* End PBXSourcesBuildPhase section */

/* Begin PBXTargetDependency section */
		C64EA7A3169F2A1D00778456 /* PBXTargetDependency */ = {
			isa = PBXTargetDependency;
			target = C64EA536169E772200778456 /* mailcore2 */;
			targetProxy = C64EA7A2169F2A1D00778456 /* PBXContainerItemProxy */;
		};
/* End PBXTargetDependency section */

/* Begin XCBuildConfiguration section */
		C64EA539169E772200778456 /* Debug */ = {
			isa = XCBuildConfiguration;
			buildSettings = {
				ALWAYS_SEARCH_USER_PATHS = NO;
				ARCHS = "$(ARCHS_STANDARD_64_BIT)";
				CLANG_CXX_LANGUAGE_STANDARD = "gnu++0x";
				CLANG_CXX_LIBRARY = "libc++";
				CLANG_WARN_EMPTY_BODY = YES;
				CLANG_WARN__DUPLICATE_METHOD_MATCH = YES;
				COPY_PHASE_STRIP = NO;
				GCC_C_LANGUAGE_STANDARD = gnu99;
				GCC_DYNAMIC_NO_PIC = NO;
				GCC_ENABLE_OBJC_EXCEPTIONS = YES;
				GCC_OPTIMIZATION_LEVEL = 0;
				GCC_PREPROCESSOR_DEFINITIONS = (
					"DEBUG=1",
					"$(inherited)",
				);
				GCC_SYMBOLS_PRIVATE_EXTERN = NO;
				GCC_WARN_64_TO_32_BIT_CONVERSION = YES;
				GCC_WARN_ABOUT_RETURN_TYPE = YES;
				GCC_WARN_UNINITIALIZED_AUTOS = YES;
				GCC_WARN_UNUSED_VARIABLE = YES;
				HEADER_SEARCH_PATHS = (
					"$(SRCROOT)/../Externals/libetpan/include",
					"$(SRCROOT)/../Externals/icu4c/include",
					/usr/include/libxml2,
				);
				LIBRARY_SEARCH_PATHS = (
					"$(SRCROOT)/../Externals/libetpan/lib",
					"$(SRCROOT)/../Externals/icu4c/lib",
				);
				MACOSX_DEPLOYMENT_TARGET = 10.8;
				ONLY_ACTIVE_ARCH = YES;
				SDKROOT = macosx;
			};
			name = Debug;
		};
		C64EA53A169E772200778456 /* Release */ = {
			isa = XCBuildConfiguration;
			buildSettings = {
				ALWAYS_SEARCH_USER_PATHS = NO;
				ARCHS = "$(ARCHS_STANDARD_64_BIT)";
				CLANG_CXX_LANGUAGE_STANDARD = "gnu++0x";
				CLANG_CXX_LIBRARY = "libc++";
				CLANG_WARN_EMPTY_BODY = YES;
				CLANG_WARN__DUPLICATE_METHOD_MATCH = YES;
				COPY_PHASE_STRIP = YES;
				DEBUG_INFORMATION_FORMAT = "dwarf-with-dsym";
				GCC_C_LANGUAGE_STANDARD = gnu99;
				GCC_ENABLE_OBJC_EXCEPTIONS = YES;
				GCC_WARN_64_TO_32_BIT_CONVERSION = YES;
				GCC_WARN_ABOUT_RETURN_TYPE = YES;
				GCC_WARN_UNINITIALIZED_AUTOS = YES;
				GCC_WARN_UNUSED_VARIABLE = YES;
				HEADER_SEARCH_PATHS = (
					"$(SRCROOT)/../Externals/libetpan/include",
					"$(SRCROOT)/../Externals/icu4c/include",
					/usr/include/libxml2,
				);
				LIBRARY_SEARCH_PATHS = (
					"$(SRCROOT)/../Externals/libetpan/lib",
					"$(SRCROOT)/../Externals/icu4c/lib",
				);
				MACOSX_DEPLOYMENT_TARGET = 10.8;
				SDKROOT = macosx;
			};
			name = Release;
		};
		C64EA53C169E772200778456 /* Debug */ = {
			isa = XCBuildConfiguration;
			buildSettings = {
				EXECUTABLE_PREFIX = lib;
				PRODUCT_NAME = mailcore2;
			};
			name = Debug;
		};
		C64EA53D169E772200778456 /* Release */ = {
			isa = XCBuildConfiguration;
			buildSettings = {
				EXECUTABLE_PREFIX = lib;
				PRODUCT_NAME = mailcore2;
			};
			name = Release;
		};
		C64EA799169F259300778456 /* Debug */ = {
			isa = XCBuildConfiguration;
			buildSettings = {
				OTHER_LDFLAGS = (
					"-letpan",
					"-licudata",
					"-licui18n",
					"-licuuc",
					"-lxml2",
					"-lssl",
					"-lcrypto",
					"-lsasl2",
					"-liconv",
				);
				PRODUCT_NAME = "$(TARGET_NAME)";
			};
			name = Debug;
		};
		C64EA79A169F259300778456 /* Release */ = {
			isa = XCBuildConfiguration;
			buildSettings = {
				OTHER_LDFLAGS = (
					"-letpan",
					"-licudata",
					"-licui18n",
					"-licuuc",
					"-lxml2",
					"-lssl",
					"-lcrypto",
					"-lsasl2",
					"-liconv",
				);
				PRODUCT_NAME = "$(TARGET_NAME)";
			};
			name = Release;
		};
/* End XCBuildConfiguration section */

/* Begin XCConfigurationList section */
		C64EA531169E772200778456 /* Build configuration list for PBXProject "mailcore2" */ = {
			isa = XCConfigurationList;
			buildConfigurations = (
				C64EA539169E772200778456 /* Debug */,
				C64EA53A169E772200778456 /* Release */,
			);
			defaultConfigurationIsVisible = 0;
			defaultConfigurationName = Release;
		};
		C64EA53B169E772200778456 /* Build configuration list for PBXNativeTarget "mailcore2" */ = {
			isa = XCConfigurationList;
			buildConfigurations = (
				C64EA53C169E772200778456 /* Debug */,
				C64EA53D169E772200778456 /* Release */,
			);
			defaultConfigurationIsVisible = 0;
			defaultConfigurationName = Release;
		};
		C64EA798169F259300778456 /* Build configuration list for PBXNativeTarget "tests" */ = {
			isa = XCConfigurationList;
			buildConfigurations = (
				C64EA799169F259300778456 /* Debug */,
				C64EA79A169F259300778456 /* Release */,
			);
			defaultConfigurationIsVisible = 0;
			defaultConfigurationName = Release;
		};
/* End XCConfigurationList section */
	};
	rootObject = C64EA52E169E772200778456 /* Project object */;
}
