<?xml version="1.0" encoding="utf-8"?>
<Project ToolsVersion="12.0" xmlns="http://schemas.microsoft.com/developer/msbuild/2003">
  <ItemGroup>
    <ClCompile Include="..\..\..\..\src\core\basetypes\ConvertUTF.c" />
    <ClCompile Include="..\..\..\..\src\core\basetypes\MCArray.cpp" />
    <ClCompile Include="..\..\..\..\src\core\basetypes\MCAssert.c" />
    <ClCompile Include="..\..\..\..\src\core\basetypes\MCAutoreleasePool.cpp" />
    <ClCompile Include="..\..\..\..\src\core\basetypes\MCBase64.c" />
    <ClCompile Include="..\..\..\..\src\core\basetypes\MCConnectionLoggerUtils.cpp" />
    <ClCompile Include="..\..\..\..\src\core\basetypes\MCData.cpp" />
    <ClCompile Include="..\..\..\..\src\core\basetypes\MCHash.cpp" />
    <ClCompile Include="..\..\..\..\src\core\basetypes\MCHashMap.cpp" />
    <ClCompile Include="..\..\..\..\src\core\basetypes\MCHTMLCleaner.cpp" />
    <ClCompile Include="..\..\..\..\src\core\basetypes\MCIndexSet.cpp" />
    <ClCompile Include="..\..\..\..\src\core\basetypes\MCJSON.cpp" />
    <ClCompile Include="..\..\..\..\src\core\basetypes\MCJSONParser.cpp" />
    <ClCompile Include="..\..\..\..\src\core\basetypes\MCLibetpan.cpp" />
    <ClCompile Include="..\..\..\..\src\core\basetypes\MCMD5.cpp" />
    <ClCompile Include="..\..\..\..\src\core\basetypes\MCNull.cpp" />
    <ClCompile Include="..\..\..\..\src\core\basetypes\MCObject.cpp" />
    <ClCompile Include="..\..\..\..\src\core\basetypes\MCOperation.cpp" />
    <ClCompile Include="..\..\..\..\src\core\basetypes\MCOperationQueue.cpp" />
    <ClCompile Include="..\..\..\..\src\core\basetypes\MCRange.cpp" />
    <ClCompile Include="..\..\..\..\src\core\basetypes\MCSet.cpp" />
    <ClCompile Include="..\..\..\..\src\core\basetypes\MCString.cpp" />
    <ClCompile Include="..\..\..\..\src\core\basetypes\MCValue.cpp" />
    <ClCompile Include="..\..\..\..\src\core\abstract\MCAbstractMessage.cpp" />
    <ClCompile Include="..\..\..\..\src\core\abstract\MCAbstractMessagePart.cpp" />
    <ClCompile Include="..\..\..\..\src\core\abstract\MCAbstractMultipart.cpp" />
    <ClCompile Include="..\..\..\..\src\core\abstract\MCAbstractPart.cpp" />
    <ClCompile Include="..\..\..\..\src\core\abstract\MCAddress.cpp" />
    <ClCompile Include="..\..\..\..\src\core\abstract\MCMessageHeader.cpp" />
    <ClCompile Include="..\..\..\..\src\core\zip\MiniZip\unzip.c" />
    <ClCompile Include="..\..\..\..\src\core\zip\MiniZip\zip.c" />
    <ClCompile Include="..\..\..\..\src\core\zip\MCZip.cpp" />
    <ClCompile Include="..\..\..\..\src\core\imap\MCIMAPFolder.cpp" />
    <ClCompile Include="..\..\..\..\src\core\imap\MCIMAPFolderStatus.cpp" />
    <ClCompile Include="..\..\..\..\src\core\imap\MCIMAPIdentity.cpp" />
    <ClCompile Include="..\..\..\..\src\core\imap\MCIMAPMessage.cpp" />
    <ClCompile Include="..\..\..\..\src\core\imap\MCIMAPMessagePart.cpp" />
    <ClCompile Include="..\..\..\..\src\core\imap\MCIMAPMultipart.cpp" />
    <ClCompile Include="..\..\..\..\src\core\imap\MCIMAPNamespace.cpp" />
    <ClCompile Include="..\..\..\..\src\core\imap\MCIMAPNamespaceItem.cpp" />
    <ClCompile Include="..\..\..\..\src\core\imap\MCIMAPPart.cpp" />
    <ClCompile Include="..\..\..\..\src\core\imap\MCIMAPSearchExpression.cpp" />
    <ClCompile Include="..\..\..\..\src\core\imap\MCIMAPSession.cpp" />
    <ClCompile Include="..\..\..\..\src\core\imap\MCIMAPSyncResult.cpp" />
    <ClCompile Include="..\..\..\..\src\core\rfc822\MCAttachment.cpp" />
    <ClCompile Include="..\..\..\..\src\core\rfc822\MCMessageBuilder.cpp" />
    <ClCompile Include="..\..\..\..\src\core\rfc822\MCMessageParser.cpp" />
    <ClCompile Include="..\..\..\..\src\core\rfc822\MCMessagePart.cpp" />
    <ClCompile Include="..\..\..\..\src\core\rfc822\MCMultipart.cpp" />
    <ClCompile Include="..\..\..\..\src\core\renderer\MCAddressDisplay.cpp" />
    <ClCompile Include="..\..\..\..\src\core\renderer\MCDateFormatter.cpp" />
    <ClCompile Include="..\..\..\..\src\core\renderer\MCHTMLBodyRendererTemplateCallback.cpp" />
    <ClCompile Include="..\..\..\..\src\core\renderer\MCHTMLRenderer.cpp" />
    <ClCompile Include="..\..\..\..\src\core\renderer\MCHTMLRendererCallback.cpp" />
    <ClCompile Include="..\..\..\..\src\core\renderer\MCHTMLRendererIMAPDataCallback.cpp" />
    <ClCompile Include="..\..\..\..\src\core\renderer\MCSizeFormatter.cpp" />
    <ClCompile Include="..\..\..\..\src\core\nntp\MCNNTPGroupInfo.cpp" />
    <ClCompile Include="..\..\..\..\src\core\nntp\MCNNTPSession.cpp" />
    <ClCompile Include="..\..\..\..\src\core\pop\MCPOPMessageInfo.cpp" />
    <ClCompile Include="..\..\..\..\src\core\pop\MCPOPSession.cpp" />
    <ClCompile Include="..\..\..\..\src\core\provider\MCMailProvider.cpp" />
    <ClCompile Include="..\..\..\..\src\core\provider\MCMailProvidersManager.cpp" />
    <ClCompile Include="..\..\..\..\src\core\provider\MCNetService.cpp" />
    <ClCompile Include="..\..\..\..\src\core\security\MCCertificateUtils.cpp" />
    <ClCompile Include="..\..\..\..\src\core\smtp\MCSMTPSession.cpp" />
    <ClCompile Include="..\..\..\..\src\async\imap\MCIMAPAppendMessageOperation.cpp" />
    <ClCompile Include="..\..\..\..\src\async\imap\MCIMAPAsyncConnection.cpp" />
    <ClCompile Include="..\..\..\..\src\async\imap\MCIMAPAsyncSession.cpp" />
    <ClCompile Include="..\..\..\..\src\async\imap\MCIMAPCapabilityOperation.cpp" />
    <ClCompile Include="..\..\..\..\src\async\imap\MCIMAPCheckAccountOperation.cpp" />
    <ClCompile Include="..\..\..\..\src\async\imap\MCIMAPConnectOperation.cpp" />
    <ClCompile Include="..\..\..\..\src\async\imap\MCIMAPCopyMessagesOperation.cpp" />
    <ClCompile Include="..\..\..\..\src\async\imap\MCIMAPCreateFolderOperation.cpp" />
    <ClCompile Include="..\..\..\..\src\async\imap\MCIMAPDeleteFolderOperation.cpp" />
    <ClCompile Include="..\..\..\..\src\async\imap\MCIMAPDisconnectOperation.cpp" />
    <ClCompile Include="..\..\..\..\src\async\imap\MCIMAPExpungeOperation.cpp" />
    <ClCompile Include="..\..\..\..\src\async\imap\MCIMAPFetchContentOperation.cpp" />
    <ClCompile Include="..\..\..\..\src\async\imap\MCIMAPFetchFoldersOperation.cpp" />
    <ClCompile Include="..\..\..\..\src\async\imap\MCIMAPFetchMessagesOperation.cpp" />
    <ClCompile Include="..\..\..\..\src\async\imap\MCIMAPFetchNamespaceOperation.cpp" />
    <ClCompile Include="..\..\..\..\src\async\imap\MCIMAPFetchParsedContentOperation.cpp" />
    <ClCompile Include="..\..\..\..\src\async\imap\MCIMAPFolderInfoOperation.cpp" />
    <ClCompile Include="..\..\..\..\src\async\imap\MCIMAPFolderStatusOperation.cpp" />
    <ClCompile Include="..\..\..\..\src\async\imap\MCIMAPIdentityOperation.cpp" />
    <ClCompile Include="..\..\..\..\src\async\imap\MCIMAPIdleOperation.cpp" />
    <ClCompile Include="..\..\..\..\src\async\imap\MCIMAPMessageRenderingOperation.cpp" />
    <ClCompile Include="..\..\..\..\src\async\imap\MCIMAPMultiDisconnectOperation.cpp" />
    <ClCompile Include="..\..\..\..\src\async\imap\MCIMAPNoopOperation.cpp" />
    <ClCompile Include="..\..\..\..\src\async\imap\MCIMAPOperation.cpp" />
    <ClCompile Include="..\..\..\..\src\async\imap\MCIMAPQuotaOperation.cpp" />
    <ClCompile Include="..\..\..\..\src\async\imap\MCIMAPRenameFolderOperation.cpp" />
    <ClCompile Include="..\..\..\..\src\async\imap\MCIMAPSearchOperation.cpp" />
    <ClCompile Include="..\..\..\..\src\async\imap\MCIMAPStoreFlagsOperation.cpp" />
    <ClCompile Include="..\..\..\..\src\async\imap\MCIMAPStoreLabelsOperation.cpp" />
    <ClCompile Include="..\..\..\..\src\async\imap\MCIMAPSubscribeFolderOperation.cpp" />
    <ClCompile Include="..\..\..\..\src\async\nntp\MCNNTPAsyncSession.cpp" />
    <ClCompile Include="..\..\..\..\src\async\nntp\MCNNTPCheckAccountOperation.cpp" />
    <ClCompile Include="..\..\..\..\src\async\nntp\MCNNTPDisconnectOperation.cpp" />
    <ClCompile Include="..\..\..\..\src\async\nntp\MCNNTPFetchAllArticlesOperation.cpp" />
    <ClCompile Include="..\..\..\..\src\async\nntp\MCNNTPFetchArticleOperation.cpp" />
    <ClCompile Include="..\..\..\..\src\async\nntp\MCNNTPFetchHeaderOperation.cpp" />
    <ClCompile Include="..\..\..\..\src\async\nntp\MCNNTPFetchOverviewOperation.cpp" />
    <ClCompile Include="..\..\..\..\src\async\nntp\MCNNTPFetchServerTimeOperation.cpp" />
    <ClCompile Include="..\..\..\..\src\async\nntp\MCNNTPListNewsgroupsOperation.cpp" />
    <ClCompile Include="..\..\..\..\src\async\nntp\MCNNTPOperation.cpp" />
    <ClCompile Include="..\..\..\..\src\async\pop\MCPOPAsyncSession.cpp" />
    <ClCompile Include="..\..\..\..\src\async\pop\MCPOPCheckAccountOperation.cpp" />
    <ClCompile Include="..\..\..\..\src\async\pop\MCPOPDeleteMessagesOperation.cpp" />
    <ClCompile Include="..\..\..\..\src\async\pop\MCPOPFetchHeaderOperation.cpp" />
    <ClCompile Include="..\..\..\..\src\async\pop\MCPOPFetchMessageOperation.cpp" />
    <ClCompile Include="..\..\..\..\src\async\pop\MCPOPFetchMessagesOperation.cpp" />
    <ClCompile Include="..\..\..\..\src\async\pop\MCPOPNoopOperation.cpp" />
    <ClCompile Include="..\..\..\..\src\async\pop\MCPOPOperation.cpp" />
    <ClCompile Include="..\..\..\..\src\async\smtp\MCSMTPAsyncSession.cpp" />
    <ClCompile Include="..\..\..\..\src\async\smtp\MCSMTPCheckAccountOperation.cpp" />
    <ClCompile Include="..\..\..\..\src\async\smtp\MCSMTPDisconnectOperation.cpp" />
    <ClCompile Include="..\..\..\..\src\async\smtp\MCSMTPLoginOperation.cpp" />
    <ClCompile Include="..\..\..\..\src\async\smtp\MCSMTPNoopOperation.cpp" />
    <ClCompile Include="..\..\..\..\src\async\smtp\MCSMTPOperation.cpp" />
    <ClCompile Include="..\..\..\..\src\async\smtp\MCSMTPSendWithDataOperation.cpp" />
    <ClCompile Include="..\..\..\..\src\core\basetypes\MCStringWin32.cpp" />
    <ClCompile Include="..\..\..\..\src\core\basetypes\MCLog.cpp" />
    <ClCompile Include="..\..\..\..\src\core\zip\MiniZip\ioapi.c" />
    <ClCompile Include="..\..\..\..\src\core\zip\MiniZip\iowin32.c" />
    <ClCompile Include="..\..\..\..\src\core\basetypes\MCMainThreadWin32.cpp" />
    <ClCompile Include="..\..\..\..\src\core\basetypes\MCWin32.cpp" />
  </ItemGroup>
  <ItemGroup>
    <ClInclude Include="..\..\..\..\src\core\abstract\MCAbstract.h" />
    <ClInclude Include="..\..\..\..\src\core\abstract\MCAbstractMessage.h" />
    <ClInclude Include="..\..\..\..\src\core\abstract\MCAbstractMessagePart.h" />
    <ClInclude Include="..\..\..\..\src\core\abstract\MCAbstractMultipart.h" />
    <ClInclude Include="..\..\..\..\src\core\abstract\MCAbstractPart.h" />
    <ClInclude Include="..\..\..\..\src\core\abstract\MCAddress.h" />
    <ClInclude Include="..\..\..\..\src\core\abstract\MCMessageConstants.h" />
    <ClInclude Include="..\..\..\..\src\core\abstract\MCMessageHeader.h" />
    <ClInclude Include="..\..\..\..\src\core\zip\MiniZip\ioapi.h" />
    <ClInclude Include="..\..\..\..\src\core\zip\MiniZip\unzip.h" />
    <ClInclude Include="..\..\..\..\src\core\zip\MiniZip\zip.h" />
    <ClInclude Include="..\..\..\..\src\core\zip\MCZip.h" />
    <ClInclude Include="..\..\..\..\src\core\imap\MCIMAP.h" />
    <ClInclude Include="..\..\..\..\src\core\imap\MCIMAPFolder.h" />
    <ClInclude Include="..\..\..\..\src\core\imap\MCIMAPFolderStatus.h" />
    <ClInclude Include="..\..\..\..\src\core\imap\MCIMAPIdentity.h" />
    <ClInclude Include="..\..\..\..\src\core\imap\MCIMAPMessage.h" />
    <ClInclude Include="..\..\..\..\src\core\imap\MCIMAPMessagePart.h" />
    <ClInclude Include="..\..\..\..\src\core\imap\MCIMAPMultipart.h" />
    <ClInclude Include="..\..\..\..\src\core\imap\MCIMAPNamespace.h" />
    <ClInclude Include="..\..\..\..\src\core\imap\MCIMAPNamespaceItem.h" />
    <ClInclude Include="..\..\..\..\src\core\imap\MCIMAPPart.h" />
    <ClInclude Include="..\..\..\..\src\core\imap\MCIMAPProgressCallback.h" />
    <ClInclude Include="..\..\..\..\src\core\imap\MCIMAPSearchExpression.h" />
    <ClInclude Include="..\..\..\..\src\core\imap\MCIMAPSession.h" />
    <ClInclude Include="..\..\..\..\src\core\imap\MCIMAPSyncResult.h" />
    <ClInclude Include="..\..\..\..\src\core\rfc822\MCAttachment.h" />
    <ClInclude Include="..\..\..\..\src\core\rfc822\MCMessageBuilder.h" />
    <ClInclude Include="..\..\..\..\src\core\rfc822\MCMessageParser.h" />
    <ClInclude Include="..\..\..\..\src\core\rfc822\MCMessagePart.h" />
    <ClInclude Include="..\..\..\..\src\core\rfc822\MCMultipart.h" />
    <ClInclude Include="..\..\..\..\src\core\rfc822\MCRFC822.h" />
    <ClInclude Include="..\..\..\..\src\core\renderer\MCAddressDisplay.h" />
    <ClInclude Include="..\..\..\..\src\core\renderer\MCDateFormatter.h" />
    <ClInclude Include="..\..\..\..\src\core\renderer\MCHTMLBodyRendererTemplateCallback.h" />
    <ClInclude Include="..\..\..\..\src\core\renderer\MCHTMLRenderer.h" />
    <ClInclude Include="..\..\..\..\src\core\renderer\MCHTMLRendererCallback.h" />
    <ClInclude Include="..\..\..\..\src\core\renderer\MCHTMLRendererIMAPDataCallback.h" />
    <ClInclude Include="..\..\..\..\src\core\renderer\MCRenderer.h" />
    <ClInclude Include="..\..\..\..\src\core\renderer\MCSizeFormatter.h" />
    <ClInclude Include="..\..\..\..\src\core\nntp\MCNNTP.h" />
    <ClInclude Include="..\..\..\..\src\core\nntp\MCNNTPGroupInfo.h" />
    <ClInclude Include="..\..\..\..\src\core\nntp\MCNNTPProgressCallback.h" />
    <ClInclude Include="..\..\..\..\src\core\nntp\MCNNTPSession.h" />
    <ClInclude Include="..\..\..\..\src\core\pop\MCPOP.h" />
    <ClInclude Include="..\..\..\..\src\core\pop\MCPOPMessageInfo.h" />
    <ClInclude Include="..\..\..\..\src\core\pop\MCPOPProgressCallback.h" />
    <ClInclude Include="..\..\..\..\src\core\pop\MCPOPSession.h" />
    <ClInclude Include="..\..\..\..\src\core\provider\MCMailProvider.h" />
    <ClInclude Include="..\..\..\..\src\core\provider\MCMailProvidersManager.h" />
    <ClInclude Include="..\..\..\..\src\core\provider\MCNetService.h" />
    <ClInclude Include="..\..\..\..\src\core\provider\MCProvider.h" />
    <ClInclude Include="..\..\..\..\src\core\security\MCCertificateUtils.h" />
    <ClInclude Include="..\..\..\..\src\core\smtp\MCSMTP.h" />
    <ClInclude Include="..\..\..\..\src\core\smtp\MCSMTPProgressCallback.h" />
    <ClInclude Include="..\..\..\..\src\core\smtp\MCSMTPSession.h" />
    <ClInclude Include="..\..\..\..\src\async\imap\MCAsyncIMAP.h" />
    <ClInclude Include="..\..\..\..\src\async\imap\MCIMAPAppendMessageOperation.h" />
    <ClInclude Include="..\..\..\..\src\async\imap\MCIMAPAsyncConnection.h" />
    <ClInclude Include="..\..\..\..\src\async\imap\MCIMAPAsyncSession.h" />
    <ClInclude Include="..\..\..\..\src\async\imap\MCIMAPCapabilityOperation.h" />
    <ClInclude Include="..\..\..\..\src\async\imap\MCIMAPCheckAccountOperation.h" />
    <ClInclude Include="..\..\..\..\src\async\imap\MCIMAPConnectOperation.h" />
    <ClInclude Include="..\..\..\..\src\async\imap\MCIMAPCopyMessagesOperation.h" />
    <ClInclude Include="..\..\..\..\src\async\imap\MCIMAPCreateFolderOperation.h" />
    <ClInclude Include="..\..\..\..\src\async\imap\MCIMAPDeleteFolderOperation.h" />
    <ClInclude Include="..\..\..\..\src\async\imap\MCIMAPDisconnectOperation.h" />
    <ClInclude Include="..\..\..\..\src\async\imap\MCIMAPExpungeOperation.h" />
    <ClInclude Include="..\..\..\..\src\async\imap\MCIMAPFetchContentOperation.h" />
    <ClInclude Include="..\..\..\..\src\async\imap\MCIMAPFetchFoldersOperation.h" />
    <ClInclude Include="..\..\..\..\src\async\imap\MCIMAPFetchMessagesOperation.h" />
    <ClInclude Include="..\..\..\..\src\async\imap\MCIMAPFetchNamespaceOperation.h" />
    <ClInclude Include="..\..\..\..\src\async\imap\MCIMAPFetchParsedContentOperation.h" />
    <ClInclude Include="..\..\..\..\src\async\imap\MCIMAPFolderInfoOperation.h" />
    <ClInclude Include="..\..\..\..\src\async\imap\MCIMAPFolderStatusOperation.h" />
    <ClInclude Include="..\..\..\..\src\async\imap\MCIMAPIdentityOperation.h" />
    <ClInclude Include="..\..\..\..\src\async\imap\MCIMAPIdleOperation.h" />
    <ClInclude Include="..\..\..\..\src\async\imap\MCIMAPMessageRenderingOperation.h" />
    <ClInclude Include="..\..\..\..\src\async\imap\MCIMAPMultiDisconnectOperation.h" />
    <ClInclude Include="..\..\..\..\src\async\imap\MCIMAPNoopOperation.h" />
    <ClInclude Include="..\..\..\..\src\async\imap\MCIMAPOperation.h" />
    <ClInclude Include="..\..\..\..\src\async\imap\MCIMAPOperationCallback.h" />
    <ClInclude Include="..\..\..\..\src\async\imap\MCIMAPQuotaOperation.h" />
    <ClInclude Include="..\..\..\..\src\async\imap\MCIMAPRenameFolderOperation.h" />
    <ClInclude Include="..\..\..\..\src\async\imap\MCIMAPSearchOperation.h" />
    <ClInclude Include="..\..\..\..\src\async\imap\MCIMAPStoreFlagsOperation.h" />
    <ClInclude Include="..\..\..\..\src\async\imap\MCIMAPStoreLabelsOperation.h" />
    <ClInclude Include="..\..\..\..\src\async\imap\MCIMAPSubscribeFolderOperation.h" />
    <ClInclude Include="..\..\..\..\src\async\nntp\MCAsyncNNTP.h" />
    <ClInclude Include="..\..\..\..\src\async\nntp\MCNNTPAsyncSession.h" />
    <ClInclude Include="..\..\..\..\src\async\nntp\MCNNTPCheckAccountOperation.h" />
    <ClInclude Include="..\..\..\..\src\async\nntp\MCNNTPDisconnectOperation.h" />
    <ClInclude Include="..\..\..\..\src\async\nntp\MCNNTPFetchAllArticlesOperation.h" />
    <ClInclude Include="..\..\..\..\src\async\nntp\MCNNTPFetchArticleOperation.h" />
    <ClInclude Include="..\..\..\..\src\async\nntp\MCNNTPFetchHeaderOperation.h" />
    <ClInclude Include="..\..\..\..\src\async\nntp\MCNNTPFetchOverviewOperation.h" />
    <ClInclude Include="..\..\..\..\src\async\nntp\MCNNTPFetchServerTimeOperation.h" />
    <ClInclude Include="..\..\..\..\src\async\nntp\MCNNTPListNewsgroupsOperation.h" />
    <ClInclude Include="..\..\..\..\src\async\nntp\MCNNTPOperation.h" />
    <ClInclude Include="..\..\..\..\src\async\nntp\MCNNTPOperationCallback.h" />
    <ClInclude Include="..\..\..\..\src\async\pop\MCAsyncPOP.h" />
    <ClInclude Include="..\..\..\..\src\async\pop\MCPOPAsyncSession.h" />
    <ClInclude Include="..\..\..\..\src\async\pop\MCPOPCheckAccountOperation.h" />
    <ClInclude Include="..\..\..\..\src\async\pop\MCPOPDeleteMessagesOperation.h" />
    <ClInclude Include="..\..\..\..\src\async\pop\MCPOPFetchHeaderOperation.h" />
    <ClInclude Include="..\..\..\..\src\async\pop\MCPOPFetchMessageOperation.h" />
    <ClInclude Include="..\..\..\..\src\async\pop\MCPOPFetchMessagesOperation.h" />
    <ClInclude Include="..\..\..\..\src\async\pop\MCPOPNoopOperation.h" />
    <ClInclude Include="..\..\..\..\src\async\pop\MCPOPOperation.h" />
    <ClInclude Include="..\..\..\..\src\async\pop\MCPOPOperationCallback.h" />
    <ClInclude Include="..\..\..\..\src\async\smtp\MCAsyncSMTP.h" />
    <ClInclude Include="..\..\..\..\src\async\smtp\MCSMTPAsyncSession.h" />
    <ClInclude Include="..\..\..\..\src\async\smtp\MCSMTPCheckAccountOperation.h" />
    <ClInclude Include="..\..\..\..\src\async\smtp\MCSMTPDisconnectOperation.h" />
    <ClInclude Include="..\..\..\..\src\async\smtp\MCSMTPLoginOperation.h" />
    <ClInclude Include="..\..\..\..\src\async\smtp\MCSMTPNoopOperation.h" />
    <ClInclude Include="..\..\..\..\src\async\smtp\MCSMTPOperation.h" />
    <ClInclude Include="..\..\..\..\src\async\smtp\MCSMTPOperationCallback.h" />
    <ClInclude Include="..\..\..\..\src\async\smtp\MCSMTPSendWithDataOperation.h" />
    <ClInclude Include="..\..\..\..\src\core\zip\MiniZip\iowin32.h" />
    <ClInclude Include="..\..\..\..\src\core\basetypes\MCWin32.h" />
  </ItemGroup>
  <ItemGroup>
    <None Include="..\..\..\..\src\core\rfc822\MCMessageParserMac.mm" />
  </ItemGroup>
</Project>